// !$*UTF8*$!
{
	archiveVersion = 1;
	classes = {
	};
	objectVersion = 56;
	objects = {

/* Begin PBXBuildFile section */
		101FCC4C373395395F34F2E8 /* Pods_PostMiiTests.framework in Frameworks */ = {isa = PBXBuildFile; fileRef = D29954FB9DFD9B0F76D17E45 /* Pods_PostMiiTests.framework */; };
		5EB6D4FBAAF6922C6AF3235A /* Pods_PostMii_PostMiiUITests.framework in Frameworks */ = {isa = PBXBuildFile; fileRef = 2286568428B59E1EA8DA565B /* Pods_PostMii_PostMiiUITests.framework */; };
		9E2AE43B2AA81F7E00E66B9A /* AppDelegate.swift in Sources */ = {isa = PBXBuildFile; fileRef = 9E2AE43A2AA81F7E00E66B9A /* AppDelegate.swift */; };
		9E2AE43D2AA81F7E00E66B9A /* SceneDelegate.swift in Sources */ = {isa = PBXBuildFile; fileRef = 9E2AE43C2AA81F7E00E66B9A /* SceneDelegate.swift */; };
		9E2AE4452AA81F7E00E66B9A /* PostMii.xcdatamodeld in Sources */ = {isa = PBXBuildFile; fileRef = 9E2AE4432AA81F7E00E66B9A /* PostMii.xcdatamodeld */; };
		9E2AE4472AA81F7E00E66B9A /* Assets.xcassets in Resources */ = {isa = PBXBuildFile; fileRef = 9E2AE4462AA81F7E00E66B9A /* Assets.xcassets */; };
		9E2AE44A2AA81F7E00E66B9A /* LaunchScreen.storyboard in Resources */ = {isa = PBXBuildFile; fileRef = 9E2AE4482AA81F7E00E66B9A /* LaunchScreen.storyboard */; };
		9E2AE4552AA81F7E00E66B9A /* PostMiiTests.swift in Sources */ = {isa = PBXBuildFile; fileRef = 9E2AE4542AA81F7E00E66B9A /* PostMiiTests.swift */; };
		9E2AE45F2AA81F7E00E66B9A /* PostMiiUITests.swift in Sources */ = {isa = PBXBuildFile; fileRef = 9E2AE45E2AA81F7E00E66B9A /* PostMiiUITests.swift */; };
		9E2AE4612AA81F7E00E66B9A /* PostMiiUITestsLaunchTests.swift in Sources */ = {isa = PBXBuildFile; fileRef = 9E2AE4602AA81F7E00E66B9A /* PostMiiUITestsLaunchTests.swift */; };
		9E2AE4732AA8204A00E66B9A /* HomeVC.swift in Sources */ = {isa = PBXBuildFile; fileRef = 9E2AE4722AA8204A00E66B9A /* HomeVC.swift */; };
		9E2AE4752AA8204E00E66B9A /* HomeVM.swift in Sources */ = {isa = PBXBuildFile; fileRef = 9E2AE4742AA8204E00E66B9A /* HomeVM.swift */; };
		9E2AE4772AA8205300E66B9A /* HomeView.swift in Sources */ = {isa = PBXBuildFile; fileRef = 9E2AE4762AA8205300E66B9A /* HomeView.swift */; };
		9E2AE47A2AA8250E00E66B9A /* Todo.swift in Sources */ = {isa = PBXBuildFile; fileRef = 9E2AE4792AA8250E00E66B9A /* Todo.swift */; };
		9E2AE47D2AA8285D00E66B9A /* AddTodoVC.swift in Sources */ = {isa = PBXBuildFile; fileRef = 9E2AE47C2AA8285D00E66B9A /* AddTodoVC.swift */; };
		9E2AE47F2AA8286300E66B9A /* AddTodoView.swift in Sources */ = {isa = PBXBuildFile; fileRef = 9E2AE47E2AA8286300E66B9A /* AddTodoView.swift */; };
		9E2AE4812AA8289C00E66B9A /* AddTodoVM.swift in Sources */ = {isa = PBXBuildFile; fileRef = 9E2AE4802AA8289C00E66B9A /* AddTodoVM.swift */; };
		9E2AE4842AA82B6800E66B9A /* TodoCardView.swift in Sources */ = {isa = PBXBuildFile; fileRef = 9E2AE4832AA82B6800E66B9A /* TodoCardView.swift */; };
		9E4583982AA900B900822721 /* Gradients.swift in Sources */ = {isa = PBXBuildFile; fileRef = 9E4583972AA900B900822721 /* Gradients.swift */; };
		9E45839A2AA9033100822721 /* UIColor+HexConversion.swift in Sources */ = {isa = PBXBuildFile; fileRef = 9E4583992AA9033100822721 /* UIColor+HexConversion.swift */; };
		9E45839C2AB028B600822721 /* TodoService.swift in Sources */ = {isa = PBXBuildFile; fileRef = 9E45839B2AB028B600822721 /* TodoService.swift */; };
		9E45839F2AB02A7500822721 /* TodoCardCellVM.swift in Sources */ = {isa = PBXBuildFile; fileRef = 9E45839E2AB02A7500822721 /* TodoCardCellVM.swift */; };
		9E4583A12AB02D8200822721 /* DateFormatter.swift in Sources */ = {isa = PBXBuildFile; fileRef = 9E4583A02AB02D8200822721 /* DateFormatter.swift */; };
		9E7F8CF02AD9E0DB001FCF72 /* UserAccountService.swift in Sources */ = {isa = PBXBuildFile; fileRef = 9E7F8CEF2AD9E0DB001FCF72 /* UserAccountService.swift */; };
		9E7F8CF22AD9E115001FCF72 /* User.swift in Sources */ = {isa = PBXBuildFile; fileRef = 9E7F8CF12AD9E115001FCF72 /* User.swift */; };
		9E7F8CF42AD9E44A001FCF72 /* FirebaseAuthError.swift in Sources */ = {isa = PBXBuildFile; fileRef = 9E7F8CF32AD9E44A001FCF72 /* FirebaseAuthError.swift */; };
		9E7F8CF62ADF1CC7001FCF72 /* GoogleService-Info.plist in Resources */ = {isa = PBXBuildFile; fileRef = 9E7F8CF52ADF1CC7001FCF72 /* GoogleService-Info.plist */; };
		9E7F8CF92ADF32B6001FCF72 /* SkeletonView in Frameworks */ = {isa = PBXBuildFile; productRef = 9E7F8CF82ADF32B6001FCF72 /* SkeletonView */; };
		9E7F8CFD2ADF434B001FCF72 /* TodoCardOverlayView.swift in Sources */ = {isa = PBXBuildFile; fileRef = 9E7F8CFC2ADF434B001FCF72 /* TodoCardOverlayView.swift */; };
		9E8CAF8F2AC14A9C00481DAA /* HomeCalendarView.swift in Sources */ = {isa = PBXBuildFile; fileRef = 9E8CAF8E2AC14A9C00481DAA /* HomeCalendarView.swift */; };
		9E8CAF962AC151AF00481DAA /* TabBarController.swift in Sources */ = {isa = PBXBuildFile; fileRef = 9E8CAF952AC151AF00481DAA /* TabBarController.swift */; };
		9E8CAF982AC152AC00481DAA /* MyProfileView.swift in Sources */ = {isa = PBXBuildFile; fileRef = 9E8CAF972AC152AC00481DAA /* MyProfileView.swift */; };
		9E8CAF9A2AC152B100481DAA /* MyProfileVC.swift in Sources */ = {isa = PBXBuildFile; fileRef = 9E8CAF992AC152B100481DAA /* MyProfileVC.swift */; };
		9E8CAF9C2AC152B800481DAA /* MyProfileVM.swift in Sources */ = {isa = PBXBuildFile; fileRef = 9E8CAF9B2AC152B800481DAA /* MyProfileVM.swift */; };
		9E8CAF9E2AC152C100481DAA /* MyProfile.swift in Sources */ = {isa = PBXBuildFile; fileRef = 9E8CAF9D2AC152C100481DAA /* MyProfile.swift */; };
		9E8CAFA42AC2119600481DAA /* NotificationsVC.swift in Sources */ = {isa = PBXBuildFile; fileRef = 9E8CAFA32AC2119600481DAA /* NotificationsVC.swift */; };
		9E8CAFA62AC2119C00481DAA /* NotificationsView.swift in Sources */ = {isa = PBXBuildFile; fileRef = 9E8CAFA52AC2119C00481DAA /* NotificationsView.swift */; };
		9E8CAFA82AC211A600481DAA /* NotificationsVM.swift in Sources */ = {isa = PBXBuildFile; fileRef = 9E8CAFA72AC211A600481DAA /* NotificationsVM.swift */; };
		9E8CAFAA2AC211B300481DAA /* Notification.swift in Sources */ = {isa = PBXBuildFile; fileRef = 9E8CAFA92AC211B300481DAA /* Notification.swift */; };
		9E8CAFC92AC39BF200481DAA /* NetworkManager.swift in Sources */ = {isa = PBXBuildFile; fileRef = 9E8CAFC82AC39BF200481DAA /* NetworkManager.swift */; };
		9E8CAFD02AC3D7E800481DAA /* FirebaseAnalytics in Frameworks */ = {isa = PBXBuildFile; productRef = 9E8CAFCF2AC3D7E800481DAA /* FirebaseAnalytics */; };
		9E8CAFD22AC3D7E800481DAA /* FirebaseAnalyticsOnDeviceConversion in Frameworks */ = {isa = PBXBuildFile; productRef = 9E8CAFD12AC3D7E800481DAA /* FirebaseAnalyticsOnDeviceConversion */; };
		9E8CAFD42AC3D7E800481DAA /* FirebaseAnalyticsSwift in Frameworks */ = {isa = PBXBuildFile; productRef = 9E8CAFD32AC3D7E800481DAA /* FirebaseAnalyticsSwift */; };
		9E8CAFD62AC3D7E800481DAA /* FirebaseAnalyticsWithoutAdIdSupport in Frameworks */ = {isa = PBXBuildFile; productRef = 9E8CAFD52AC3D7E800481DAA /* FirebaseAnalyticsWithoutAdIdSupport */; };
		9E8CAFD82AC3D7E800481DAA /* FirebaseAppDistribution-Beta in Frameworks */ = {isa = PBXBuildFile; productRef = 9E8CAFD72AC3D7E800481DAA /* FirebaseAppDistribution-Beta */; };
		9E8CAFDA2AC3D7E800481DAA /* FirebaseAuth in Frameworks */ = {isa = PBXBuildFile; productRef = 9E8CAFD92AC3D7E800481DAA /* FirebaseAuth */; };
		9E8CAFDC2AC3D7E800481DAA /* FirebaseAuthCombine-Community in Frameworks */ = {isa = PBXBuildFile; productRef = 9E8CAFDB2AC3D7E800481DAA /* FirebaseAuthCombine-Community */; };
		9E8CAFDE2AC3D7E800481DAA /* FirebaseCrashlytics in Frameworks */ = {isa = PBXBuildFile; productRef = 9E8CAFDD2AC3D7E800481DAA /* FirebaseCrashlytics */; };
		9E8CAFE02AC3D7E800481DAA /* FirebaseDatabase in Frameworks */ = {isa = PBXBuildFile; productRef = 9E8CAFDF2AC3D7E800481DAA /* FirebaseDatabase */; };
		9E8CAFE22AC3D7E800481DAA /* FirebaseDatabaseSwift in Frameworks */ = {isa = PBXBuildFile; productRef = 9E8CAFE12AC3D7E800481DAA /* FirebaseDatabaseSwift */; };
		9E8CAFE42AC3D7E800481DAA /* FirebaseInAppMessaging-Beta in Frameworks */ = {isa = PBXBuildFile; productRef = 9E8CAFE32AC3D7E800481DAA /* FirebaseInAppMessaging-Beta */; };
		9E8CAFE62AC3D7E800481DAA /* FirebaseInAppMessagingSwift-Beta in Frameworks */ = {isa = PBXBuildFile; productRef = 9E8CAFE52AC3D7E800481DAA /* FirebaseInAppMessagingSwift-Beta */; };
		9E8CAFE82AC3D7E800481DAA /* FirebaseMessaging in Frameworks */ = {isa = PBXBuildFile; productRef = 9E8CAFE72AC3D7E800481DAA /* FirebaseMessaging */; };
		9E8CAFEA2AC3D7E800481DAA /* FirebaseRemoteConfig in Frameworks */ = {isa = PBXBuildFile; productRef = 9E8CAFE92AC3D7E800481DAA /* FirebaseRemoteConfig */; };
		9E8CAFEC2AC3D7E800481DAA /* FirebaseRemoteConfigSwift in Frameworks */ = {isa = PBXBuildFile; productRef = 9E8CAFEB2AC3D7E800481DAA /* FirebaseRemoteConfigSwift */; };
		9E8CAFEE2AC3D7E800481DAA /* FirebaseStorage in Frameworks */ = {isa = PBXBuildFile; productRef = 9E8CAFED2AC3D7E800481DAA /* FirebaseStorage */; };
		9E8CAFF02AC3D7E800481DAA /* FirebaseStorageCombine-Community in Frameworks */ = {isa = PBXBuildFile; productRef = 9E8CAFEF2AC3D7E800481DAA /* FirebaseStorageCombine-Community */; };
		9E8CAFF22AC3D82500481DAA /* LoginView.swift in Sources */ = {isa = PBXBuildFile; fileRef = 9E8CAFF12AC3D82500481DAA /* LoginView.swift */; };
		9E8CAFF42AC3D82900481DAA /* LoginVC.swift in Sources */ = {isa = PBXBuildFile; fileRef = 9E8CAFF32AC3D82900481DAA /* LoginVC.swift */; };
		9E8CAFF62AC3D82F00481DAA /* LoginVM.swift in Sources */ = {isa = PBXBuildFile; fileRef = 9E8CAFF52AC3D82F00481DAA /* LoginVM.swift */; };
		9E8CAFFE2AC3EDE300481DAA /* SignUpView.swift in Sources */ = {isa = PBXBuildFile; fileRef = 9E8CAFFD2AC3EDE300481DAA /* SignUpView.swift */; };
		9E8CB0002AC3EDEA00481DAA /* SignUpVC.swift in Sources */ = {isa = PBXBuildFile; fileRef = 9E8CAFFF2AC3EDEA00481DAA /* SignUpVC.swift */; };
		9E8CB0022AC3EDEF00481DAA /* SignUpVM.swift in Sources */ = {isa = PBXBuildFile; fileRef = 9E8CB0012AC3EDEF00481DAA /* SignUpVM.swift */; };
		9E8CB0042AC4BD5B00481DAA /* UIViewController+Alert.swift in Sources */ = {isa = PBXBuildFile; fileRef = 9E8CB0032AC4BD5B00481DAA /* UIViewController+Alert.swift */; };
		9E8CB0062AC4D24200481DAA /* FirebaseHelper.swift in Sources */ = {isa = PBXBuildFile; fileRef = 9E8CB0052AC4D24200481DAA /* FirebaseHelper.swift */; };
		9E8CB0082AC4D95B00481DAA /* FirebaseError.swift in Sources */ = {isa = PBXBuildFile; fileRef = 9E8CB0072AC4D95B00481DAA /* FirebaseError.swift */; };
		9E8CB00F2AC50F3100481DAA /* OpenSans-Regular.ttf in Resources */ = {isa = PBXBuildFile; fileRef = 9E8CB00E2AC50F3100481DAA /* OpenSans-Regular.ttf */; };
		9E8CB0112AC50F3A00481DAA /* OpenSans-SemiBold.ttf in Resources */ = {isa = PBXBuildFile; fileRef = 9E8CB0102AC50F3A00481DAA /* OpenSans-SemiBold.ttf */; };
		9E8CB0132AC50F4300481DAA /* OpenSans-Medium.ttf in Resources */ = {isa = PBXBuildFile; fileRef = 9E8CB0122AC50F4300481DAA /* OpenSans-Medium.ttf */; };
		9E8CB0152AC50F4D00481DAA /* OpenSans-Bold.ttf in Resources */ = {isa = PBXBuildFile; fileRef = 9E8CB0142AC50F4D00481DAA /* OpenSans-Bold.ttf */; };
		9E8CB01B2AC5163F00481DAA /* AppFont.swift in Sources */ = {isa = PBXBuildFile; fileRef = 9E8CB01A2AC5163F00481DAA /* AppFont.swift */; };
		9E8CB01D2AC534CD00481DAA /* ThemeColors.swift in Sources */ = {isa = PBXBuildFile; fileRef = 9E8CB01C2AC534CD00481DAA /* ThemeColors.swift */; };
		9EC8E9F12AE073D80031F01C /* Lottie in Frameworks */ = {isa = PBXBuildFile; productRef = 9EC8E9F02AE073D80031F01C /* Lottie */; };
		9ED16BE02AD4A2FE008A926C /* CircleImageView.swift in Sources */ = {isa = PBXBuildFile; fileRef = 9ED16BDF2AD4A2FE008A926C /* CircleImageView.swift */; };
		9ED16BE42AD4A7E7008A926C /* MyProfileService.swift in Sources */ = {isa = PBXBuildFile; fileRef = 9ED16BE32AD4A7E7008A926C /* MyProfileService.swift */; };
		9ED16BEA2AD508EA008A926C /* TodoDetailsView.swift in Sources */ = {isa = PBXBuildFile; fileRef = 9ED16BE92AD508EA008A926C /* TodoDetailsView.swift */; };
		9ED16BEC2AD508F2008A926C /* TodoDetailsVC.swift in Sources */ = {isa = PBXBuildFile; fileRef = 9ED16BEB2AD508F2008A926C /* TodoDetailsVC.swift */; };
		9ED16BEE2AD508F7008A926C /* TodoDetailsVM.swift in Sources */ = {isa = PBXBuildFile; fileRef = 9ED16BED2AD508F7008A926C /* TodoDetailsVM.swift */; };
		9ED16BF42AD5EA09008A926C /* FriendsVC.swift in Sources */ = {isa = PBXBuildFile; fileRef = 9ED16BF32AD5EA09008A926C /* FriendsVC.swift */; };
		9ED16BF62AD5EA0F008A926C /* FriendsView.swift in Sources */ = {isa = PBXBuildFile; fileRef = 9ED16BF52AD5EA0F008A926C /* FriendsView.swift */; };
		9ED16BF82AD5EA3F008A926C /* FriendsVM.swift in Sources */ = {isa = PBXBuildFile; fileRef = 9ED16BF72AD5EA3F008A926C /* FriendsVM.swift */; };
		9ED16BFA2AD5EA7F008A926C /* Friend.swift in Sources */ = {isa = PBXBuildFile; fileRef = 9ED16BF92AD5EA7F008A926C /* Friend.swift */; };
		9ED16BFD2AD6012B008A926C /* CircleButton.swift in Sources */ = {isa = PBXBuildFile; fileRef = 9ED16BFC2AD6012B008A926C /* CircleButton.swift */; };
		A0A30942C09429C90786129B /* Pods_PostMii.framework in Frameworks */ = {isa = PBXBuildFile; fileRef = 374C86C1D6CBD059BD423057 /* Pods_PostMii.framework */; };
/* End PBXBuildFile section */

/* Begin PBXContainerItemProxy section */
		9E2AE4512AA81F7E00E66B9A /* PBXContainerItemProxy */ = {
			isa = PBXContainerItemProxy;
			containerPortal = 9E2AE42F2AA81F7D00E66B9A /* Project object */;
			proxyType = 1;
			remoteGlobalIDString = 9E2AE4362AA81F7D00E66B9A;
			remoteInfo = PostMii;
		};
		9E2AE45B2AA81F7E00E66B9A /* PBXContainerItemProxy */ = {
			isa = PBXContainerItemProxy;
			containerPortal = 9E2AE42F2AA81F7D00E66B9A /* Project object */;
			proxyType = 1;
			remoteGlobalIDString = 9E2AE4362AA81F7D00E66B9A;
			remoteInfo = PostMii;
		};
/* End PBXContainerItemProxy section */

/* Begin PBXFileReference section */
		2286568428B59E1EA8DA565B /* Pods_PostMii_PostMiiUITests.framework */ = {isa = PBXFileReference; explicitFileType = wrapper.framework; includeInIndex = 0; path = Pods_PostMii_PostMiiUITests.framework; sourceTree = BUILT_PRODUCTS_DIR; };
		374C86C1D6CBD059BD423057 /* Pods_PostMii.framework */ = {isa = PBXFileReference; explicitFileType = wrapper.framework; includeInIndex = 0; path = Pods_PostMii.framework; sourceTree = BUILT_PRODUCTS_DIR; };
		4282E5C898EBF267E8FDC2F4 /* Pods-PostMii-PostMiiUITests.release.xcconfig */ = {isa = PBXFileReference; includeInIndex = 1; lastKnownFileType = text.xcconfig; name = "Pods-PostMii-PostMiiUITests.release.xcconfig"; path = "Target Support Files/Pods-PostMii-PostMiiUITests/Pods-PostMii-PostMiiUITests.release.xcconfig"; sourceTree = "<group>"; };
		4A35F3A2E76D1BB316FC9F43 /* Pods-PostMiiTests.debug.xcconfig */ = {isa = PBXFileReference; includeInIndex = 1; lastKnownFileType = text.xcconfig; name = "Pods-PostMiiTests.debug.xcconfig"; path = "Target Support Files/Pods-PostMiiTests/Pods-PostMiiTests.debug.xcconfig"; sourceTree = "<group>"; };
		7740B32EA14146221470DB63 /* Pods-PostMii.release.xcconfig */ = {isa = PBXFileReference; includeInIndex = 1; lastKnownFileType = text.xcconfig; name = "Pods-PostMii.release.xcconfig"; path = "Target Support Files/Pods-PostMii/Pods-PostMii.release.xcconfig"; sourceTree = "<group>"; };
		9E2AE4372AA81F7D00E66B9A /* PostMii.app */ = {isa = PBXFileReference; explicitFileType = wrapper.application; includeInIndex = 0; path = PostMii.app; sourceTree = BUILT_PRODUCTS_DIR; };
		9E2AE43A2AA81F7E00E66B9A /* AppDelegate.swift */ = {isa = PBXFileReference; lastKnownFileType = sourcecode.swift; path = AppDelegate.swift; sourceTree = "<group>"; };
		9E2AE43C2AA81F7E00E66B9A /* SceneDelegate.swift */ = {isa = PBXFileReference; lastKnownFileType = sourcecode.swift; path = SceneDelegate.swift; sourceTree = "<group>"; };
		9E2AE4442AA81F7E00E66B9A /* PostMii.xcdatamodel */ = {isa = PBXFileReference; lastKnownFileType = wrapper.xcdatamodel; path = PostMii.xcdatamodel; sourceTree = "<group>"; };
		9E2AE4462AA81F7E00E66B9A /* Assets.xcassets */ = {isa = PBXFileReference; lastKnownFileType = folder.assetcatalog; path = Assets.xcassets; sourceTree = "<group>"; };
		9E2AE4492AA81F7E00E66B9A /* Base */ = {isa = PBXFileReference; lastKnownFileType = file.storyboard; name = Base; path = Base.lproj/LaunchScreen.storyboard; sourceTree = "<group>"; };
		9E2AE44B2AA81F7E00E66B9A /* Info.plist */ = {isa = PBXFileReference; lastKnownFileType = text.plist.xml; path = Info.plist; sourceTree = "<group>"; };
		9E2AE4502AA81F7E00E66B9A /* PostMiiTests.xctest */ = {isa = PBXFileReference; explicitFileType = wrapper.cfbundle; includeInIndex = 0; path = PostMiiTests.xctest; sourceTree = BUILT_PRODUCTS_DIR; };
		9E2AE4542AA81F7E00E66B9A /* PostMiiTests.swift */ = {isa = PBXFileReference; lastKnownFileType = sourcecode.swift; path = PostMiiTests.swift; sourceTree = "<group>"; };
		9E2AE45A2AA81F7E00E66B9A /* PostMiiUITests.xctest */ = {isa = PBXFileReference; explicitFileType = wrapper.cfbundle; includeInIndex = 0; path = PostMiiUITests.xctest; sourceTree = BUILT_PRODUCTS_DIR; };
		9E2AE45E2AA81F7E00E66B9A /* PostMiiUITests.swift */ = {isa = PBXFileReference; lastKnownFileType = sourcecode.swift; path = PostMiiUITests.swift; sourceTree = "<group>"; };
		9E2AE4602AA81F7E00E66B9A /* PostMiiUITestsLaunchTests.swift */ = {isa = PBXFileReference; lastKnownFileType = sourcecode.swift; path = PostMiiUITestsLaunchTests.swift; sourceTree = "<group>"; };
		9E2AE4722AA8204A00E66B9A /* HomeVC.swift */ = {isa = PBXFileReference; lastKnownFileType = sourcecode.swift; path = HomeVC.swift; sourceTree = "<group>"; };
		9E2AE4742AA8204E00E66B9A /* HomeVM.swift */ = {isa = PBXFileReference; lastKnownFileType = sourcecode.swift; path = HomeVM.swift; sourceTree = "<group>"; };
		9E2AE4762AA8205300E66B9A /* HomeView.swift */ = {isa = PBXFileReference; lastKnownFileType = sourcecode.swift; path = HomeView.swift; sourceTree = "<group>"; };
		9E2AE4792AA8250E00E66B9A /* Todo.swift */ = {isa = PBXFileReference; lastKnownFileType = sourcecode.swift; path = Todo.swift; sourceTree = "<group>"; };
		9E2AE47C2AA8285D00E66B9A /* AddTodoVC.swift */ = {isa = PBXFileReference; lastKnownFileType = sourcecode.swift; path = AddTodoVC.swift; sourceTree = "<group>"; };
		9E2AE47E2AA8286300E66B9A /* AddTodoView.swift */ = {isa = PBXFileReference; lastKnownFileType = sourcecode.swift; path = AddTodoView.swift; sourceTree = "<group>"; };
		9E2AE4802AA8289C00E66B9A /* AddTodoVM.swift */ = {isa = PBXFileReference; lastKnownFileType = sourcecode.swift; path = AddTodoVM.swift; sourceTree = "<group>"; };
		9E2AE4832AA82B6800E66B9A /* TodoCardView.swift */ = {isa = PBXFileReference; lastKnownFileType = sourcecode.swift; path = TodoCardView.swift; sourceTree = "<group>"; };
		9E4583972AA900B900822721 /* Gradients.swift */ = {isa = PBXFileReference; lastKnownFileType = sourcecode.swift; path = Gradients.swift; sourceTree = "<group>"; };
		9E4583992AA9033100822721 /* UIColor+HexConversion.swift */ = {isa = PBXFileReference; lastKnownFileType = sourcecode.swift; path = "UIColor+HexConversion.swift"; sourceTree = "<group>"; };
		9E45839B2AB028B600822721 /* TodoService.swift */ = {isa = PBXFileReference; lastKnownFileType = sourcecode.swift; path = TodoService.swift; sourceTree = "<group>"; };
		9E45839E2AB02A7500822721 /* TodoCardCellVM.swift */ = {isa = PBXFileReference; lastKnownFileType = sourcecode.swift; path = TodoCardCellVM.swift; sourceTree = "<group>"; };
		9E4583A02AB02D8200822721 /* DateFormatter.swift */ = {isa = PBXFileReference; lastKnownFileType = sourcecode.swift; path = DateFormatter.swift; sourceTree = "<group>"; };
		9E7F8CEF2AD9E0DB001FCF72 /* UserAccountService.swift */ = {isa = PBXFileReference; lastKnownFileType = sourcecode.swift; path = UserAccountService.swift; sourceTree = "<group>"; };
		9E7F8CF12AD9E115001FCF72 /* User.swift */ = {isa = PBXFileReference; lastKnownFileType = sourcecode.swift; path = User.swift; sourceTree = "<group>"; };
		9E7F8CF32AD9E44A001FCF72 /* FirebaseAuthError.swift */ = {isa = PBXFileReference; lastKnownFileType = sourcecode.swift; path = FirebaseAuthError.swift; sourceTree = "<group>"; };
		9E7F8CF52ADF1CC7001FCF72 /* GoogleService-Info.plist */ = {isa = PBXFileReference; fileEncoding = 4; lastKnownFileType = text.plist.xml; path = "GoogleService-Info.plist"; sourceTree = "<group>"; };
		9E7F8CFC2ADF434B001FCF72 /* TodoCardOverlayView.swift */ = {isa = PBXFileReference; lastKnownFileType = sourcecode.swift; path = TodoCardOverlayView.swift; sourceTree = "<group>"; };
		9E8CAF8E2AC14A9C00481DAA /* HomeCalendarView.swift */ = {isa = PBXFileReference; lastKnownFileType = sourcecode.swift; path = HomeCalendarView.swift; sourceTree = "<group>"; };
		9E8CAF952AC151AF00481DAA /* TabBarController.swift */ = {isa = PBXFileReference; lastKnownFileType = sourcecode.swift; path = TabBarController.swift; sourceTree = "<group>"; };
		9E8CAF972AC152AC00481DAA /* MyProfileView.swift */ = {isa = PBXFileReference; lastKnownFileType = sourcecode.swift; path = MyProfileView.swift; sourceTree = "<group>"; };
		9E8CAF992AC152B100481DAA /* MyProfileVC.swift */ = {isa = PBXFileReference; lastKnownFileType = sourcecode.swift; path = MyProfileVC.swift; sourceTree = "<group>"; };
		9E8CAF9B2AC152B800481DAA /* MyProfileVM.swift */ = {isa = PBXFileReference; lastKnownFileType = sourcecode.swift; path = MyProfileVM.swift; sourceTree = "<group>"; };
		9E8CAF9D2AC152C100481DAA /* MyProfile.swift */ = {isa = PBXFileReference; lastKnownFileType = sourcecode.swift; path = MyProfile.swift; sourceTree = "<group>"; };
		9E8CAFA32AC2119600481DAA /* NotificationsVC.swift */ = {isa = PBXFileReference; lastKnownFileType = sourcecode.swift; path = NotificationsVC.swift; sourceTree = "<group>"; };
		9E8CAFA52AC2119C00481DAA /* NotificationsView.swift */ = {isa = PBXFileReference; lastKnownFileType = sourcecode.swift; path = NotificationsView.swift; sourceTree = "<group>"; };
		9E8CAFA72AC211A600481DAA /* NotificationsVM.swift */ = {isa = PBXFileReference; lastKnownFileType = sourcecode.swift; path = NotificationsVM.swift; sourceTree = "<group>"; };
		9E8CAFA92AC211B300481DAA /* Notification.swift */ = {isa = PBXFileReference; lastKnownFileType = sourcecode.swift; path = Notification.swift; sourceTree = "<group>"; };
		9E8CAFC82AC39BF200481DAA /* NetworkManager.swift */ = {isa = PBXFileReference; lastKnownFileType = sourcecode.swift; path = NetworkManager.swift; sourceTree = "<group>"; };
		9E8CAFF12AC3D82500481DAA /* LoginView.swift */ = {isa = PBXFileReference; lastKnownFileType = sourcecode.swift; path = LoginView.swift; sourceTree = "<group>"; };
		9E8CAFF32AC3D82900481DAA /* LoginVC.swift */ = {isa = PBXFileReference; lastKnownFileType = sourcecode.swift; path = LoginVC.swift; sourceTree = "<group>"; };
		9E8CAFF52AC3D82F00481DAA /* LoginVM.swift */ = {isa = PBXFileReference; lastKnownFileType = sourcecode.swift; path = LoginVM.swift; sourceTree = "<group>"; };
		9E8CAFFD2AC3EDE300481DAA /* SignUpView.swift */ = {isa = PBXFileReference; lastKnownFileType = sourcecode.swift; path = SignUpView.swift; sourceTree = "<group>"; };
		9E8CAFFF2AC3EDEA00481DAA /* SignUpVC.swift */ = {isa = PBXFileReference; lastKnownFileType = sourcecode.swift; path = SignUpVC.swift; sourceTree = "<group>"; };
		9E8CB0012AC3EDEF00481DAA /* SignUpVM.swift */ = {isa = PBXFileReference; lastKnownFileType = sourcecode.swift; path = SignUpVM.swift; sourceTree = "<group>"; };
		9E8CB0032AC4BD5B00481DAA /* UIViewController+Alert.swift */ = {isa = PBXFileReference; lastKnownFileType = sourcecode.swift; path = "UIViewController+Alert.swift"; sourceTree = "<group>"; };
		9E8CB0052AC4D24200481DAA /* FirebaseHelper.swift */ = {isa = PBXFileReference; lastKnownFileType = sourcecode.swift; path = FirebaseHelper.swift; sourceTree = "<group>"; };
		9E8CB0072AC4D95B00481DAA /* FirebaseError.swift */ = {isa = PBXFileReference; lastKnownFileType = sourcecode.swift; path = FirebaseError.swift; sourceTree = "<group>"; };
		9E8CB00E2AC50F3100481DAA /* OpenSans-Regular.ttf */ = {isa = PBXFileReference; lastKnownFileType = file; path = "OpenSans-Regular.ttf"; sourceTree = "<group>"; };
		9E8CB0102AC50F3A00481DAA /* OpenSans-SemiBold.ttf */ = {isa = PBXFileReference; lastKnownFileType = file; path = "OpenSans-SemiBold.ttf"; sourceTree = "<group>"; };
		9E8CB0122AC50F4300481DAA /* OpenSans-Medium.ttf */ = {isa = PBXFileReference; lastKnownFileType = file; path = "OpenSans-Medium.ttf"; sourceTree = "<group>"; };
		9E8CB0142AC50F4D00481DAA /* OpenSans-Bold.ttf */ = {isa = PBXFileReference; lastKnownFileType = file; path = "OpenSans-Bold.ttf"; sourceTree = "<group>"; };
		9E8CB01A2AC5163F00481DAA /* AppFont.swift */ = {isa = PBXFileReference; lastKnownFileType = sourcecode.swift; path = AppFont.swift; sourceTree = "<group>"; };
		9E8CB01C2AC534CD00481DAA /* ThemeColors.swift */ = {isa = PBXFileReference; lastKnownFileType = sourcecode.swift; path = ThemeColors.swift; sourceTree = "<group>"; };
		9ED16BDF2AD4A2FE008A926C /* CircleImageView.swift */ = {isa = PBXFileReference; lastKnownFileType = sourcecode.swift; path = CircleImageView.swift; sourceTree = "<group>"; };
		9ED16BE32AD4A7E7008A926C /* MyProfileService.swift */ = {isa = PBXFileReference; lastKnownFileType = sourcecode.swift; path = MyProfileService.swift; sourceTree = "<group>"; };
		9ED16BE92AD508EA008A926C /* TodoDetailsView.swift */ = {isa = PBXFileReference; lastKnownFileType = sourcecode.swift; path = TodoDetailsView.swift; sourceTree = "<group>"; };
		9ED16BEB2AD508F2008A926C /* TodoDetailsVC.swift */ = {isa = PBXFileReference; lastKnownFileType = sourcecode.swift; path = TodoDetailsVC.swift; sourceTree = "<group>"; };
		9ED16BED2AD508F7008A926C /* TodoDetailsVM.swift */ = {isa = PBXFileReference; lastKnownFileType = sourcecode.swift; path = TodoDetailsVM.swift; sourceTree = "<group>"; };
		9ED16BF32AD5EA09008A926C /* FriendsVC.swift */ = {isa = PBXFileReference; lastKnownFileType = sourcecode.swift; path = FriendsVC.swift; sourceTree = "<group>"; };
		9ED16BF52AD5EA0F008A926C /* FriendsView.swift */ = {isa = PBXFileReference; lastKnownFileType = sourcecode.swift; path = FriendsView.swift; sourceTree = "<group>"; };
		9ED16BF72AD5EA3F008A926C /* FriendsVM.swift */ = {isa = PBXFileReference; lastKnownFileType = sourcecode.swift; path = FriendsVM.swift; sourceTree = "<group>"; };
		9ED16BF92AD5EA7F008A926C /* Friend.swift */ = {isa = PBXFileReference; lastKnownFileType = sourcecode.swift; path = Friend.swift; sourceTree = "<group>"; };
		9ED16BFC2AD6012B008A926C /* CircleButton.swift */ = {isa = PBXFileReference; lastKnownFileType = sourcecode.swift; path = CircleButton.swift; sourceTree = "<group>"; };
		B42AF8779836E2330ED30571 /* Pods-PostMiiTests.release.xcconfig */ = {isa = PBXFileReference; includeInIndex = 1; lastKnownFileType = text.xcconfig; name = "Pods-PostMiiTests.release.xcconfig"; path = "Target Support Files/Pods-PostMiiTests/Pods-PostMiiTests.release.xcconfig"; sourceTree = "<group>"; };
		B46C45128B75590C43FDD375 /* Pods-PostMii-PostMiiUITests.debug.xcconfig */ = {isa = PBXFileReference; includeInIndex = 1; lastKnownFileType = text.xcconfig; name = "Pods-PostMii-PostMiiUITests.debug.xcconfig"; path = "Target Support Files/Pods-PostMii-PostMiiUITests/Pods-PostMii-PostMiiUITests.debug.xcconfig"; sourceTree = "<group>"; };
		D29954FB9DFD9B0F76D17E45 /* Pods_PostMiiTests.framework */ = {isa = PBXFileReference; explicitFileType = wrapper.framework; includeInIndex = 0; path = Pods_PostMiiTests.framework; sourceTree = BUILT_PRODUCTS_DIR; };
		D76516CEF2C6D9ACC210FC1C /* Pods-PostMii.debug.xcconfig */ = {isa = PBXFileReference; includeInIndex = 1; lastKnownFileType = text.xcconfig; name = "Pods-PostMii.debug.xcconfig"; path = "Target Support Files/Pods-PostMii/Pods-PostMii.debug.xcconfig"; sourceTree = "<group>"; };
/* End PBXFileReference section */

/* Begin PBXFrameworksBuildPhase section */
		9E2AE4342AA81F7D00E66B9A /* Frameworks */ = {
			isa = PBXFrameworksBuildPhase;
			buildActionMask = 2147483647;
			files = (
				9E8CAFE02AC3D7E800481DAA /* FirebaseDatabase in Frameworks */,
				9E8CAFD42AC3D7E800481DAA /* FirebaseAnalyticsSwift in Frameworks */,
				9E7F8CF92ADF32B6001FCF72 /* SkeletonView in Frameworks */,
				9E8CAFE82AC3D7E800481DAA /* FirebaseMessaging in Frameworks */,
				9E8CAFD62AC3D7E800481DAA /* FirebaseAnalyticsWithoutAdIdSupport in Frameworks */,
				9E8CAFD02AC3D7E800481DAA /* FirebaseAnalytics in Frameworks */,
				9E8CAFD22AC3D7E800481DAA /* FirebaseAnalyticsOnDeviceConversion in Frameworks */,
				A0A30942C09429C90786129B /* Pods_PostMii.framework in Frameworks */,
				9E8CAFDA2AC3D7E800481DAA /* FirebaseAuth in Frameworks */,
				9E8CAFDE2AC3D7E800481DAA /* FirebaseCrashlytics in Frameworks */,
				9E8CAFEC2AC3D7E800481DAA /* FirebaseRemoteConfigSwift in Frameworks */,
				9E8CAFEA2AC3D7E800481DAA /* FirebaseRemoteConfig in Frameworks */,
				9E8CAFE62AC3D7E800481DAA /* FirebaseInAppMessagingSwift-Beta in Frameworks */,
				9E8CAFEE2AC3D7E800481DAA /* FirebaseStorage in Frameworks */,
				9E8CAFE22AC3D7E800481DAA /* FirebaseDatabaseSwift in Frameworks */,
				9EC8E9F12AE073D80031F01C /* Lottie in Frameworks */,
				9E8CAFD82AC3D7E800481DAA /* FirebaseAppDistribution-Beta in Frameworks */,
				9E8CAFDC2AC3D7E800481DAA /* FirebaseAuthCombine-Community in Frameworks */,
				9E8CAFF02AC3D7E800481DAA /* FirebaseStorageCombine-Community in Frameworks */,
				9E8CAFE42AC3D7E800481DAA /* FirebaseInAppMessaging-Beta in Frameworks */,
			);
			runOnlyForDeploymentPostprocessing = 0;
		};
		9E2AE44D2AA81F7E00E66B9A /* Frameworks */ = {
			isa = PBXFrameworksBuildPhase;
			buildActionMask = 2147483647;
			files = (
				101FCC4C373395395F34F2E8 /* Pods_PostMiiTests.framework in Frameworks */,
			);
			runOnlyForDeploymentPostprocessing = 0;
		};
		9E2AE4572AA81F7E00E66B9A /* Frameworks */ = {
			isa = PBXFrameworksBuildPhase;
			buildActionMask = 2147483647;
			files = (
				5EB6D4FBAAF6922C6AF3235A /* Pods_PostMii_PostMiiUITests.framework in Frameworks */,
			);
			runOnlyForDeploymentPostprocessing = 0;
		};
/* End PBXFrameworksBuildPhase section */

/* Begin PBXGroup section */
		6B9469B46FEEF5F361569FD3 /* Frameworks */ = {
			isa = PBXGroup;
			children = (
				374C86C1D6CBD059BD423057 /* Pods_PostMii.framework */,
				2286568428B59E1EA8DA565B /* Pods_PostMii_PostMiiUITests.framework */,
				D29954FB9DFD9B0F76D17E45 /* Pods_PostMiiTests.framework */,
			);
			name = Frameworks;
			sourceTree = "<group>";
		};
		9C904C778D92717244C6C990 /* Pods */ = {
			isa = PBXGroup;
			children = (
				D76516CEF2C6D9ACC210FC1C /* Pods-PostMii.debug.xcconfig */,
				7740B32EA14146221470DB63 /* Pods-PostMii.release.xcconfig */,
				B46C45128B75590C43FDD375 /* Pods-PostMii-PostMiiUITests.debug.xcconfig */,
				4282E5C898EBF267E8FDC2F4 /* Pods-PostMii-PostMiiUITests.release.xcconfig */,
				4A35F3A2E76D1BB316FC9F43 /* Pods-PostMiiTests.debug.xcconfig */,
				B42AF8779836E2330ED30571 /* Pods-PostMiiTests.release.xcconfig */,
			);
			path = Pods;
			sourceTree = "<group>";
		};
		9E2AE42E2AA81F7D00E66B9A = {
			isa = PBXGroup;
			children = (
				9E2AE4392AA81F7D00E66B9A /* PostMii */,
				9E2AE4532AA81F7E00E66B9A /* PostMiiTests */,
				9E2AE45D2AA81F7E00E66B9A /* PostMiiUITests */,
				9E2AE4382AA81F7D00E66B9A /* Products */,
				9C904C778D92717244C6C990 /* Pods */,
				6B9469B46FEEF5F361569FD3 /* Frameworks */,
			);
			sourceTree = "<group>";
		};
		9E2AE4382AA81F7D00E66B9A /* Products */ = {
			isa = PBXGroup;
			children = (
				9E2AE4372AA81F7D00E66B9A /* PostMii.app */,
				9E2AE4502AA81F7E00E66B9A /* PostMiiTests.xctest */,
				9E2AE45A2AA81F7E00E66B9A /* PostMiiUITests.xctest */,
			);
			name = Products;
			sourceTree = "<group>";
		};
		9E2AE4392AA81F7D00E66B9A /* PostMii */ = {
			isa = PBXGroup;
			children = (
				9E8CB0092AC5093600481DAA /* Font */,
				9E2AE46F2AA81F9600E66B9A /* Screens */,
				9E2AE46E2AA81F9000E66B9A /* Helpers */,
				9E2AE46D2AA81F8900E66B9A /* Services */,
				9E2AE4702AA81F9A00E66B9A /* Supporting Files */,
				9E2AE4462AA81F7E00E66B9A /* Assets.xcassets */,
				9E2AE4482AA81F7E00E66B9A /* LaunchScreen.storyboard */,
				9E7F8CF52ADF1CC7001FCF72 /* GoogleService-Info.plist */,
				9E2AE44B2AA81F7E00E66B9A /* Info.plist */,
				9E2AE4432AA81F7E00E66B9A /* PostMii.xcdatamodeld */,
			);
			path = PostMii;
			sourceTree = "<group>";
		};
		9E2AE4532AA81F7E00E66B9A /* PostMiiTests */ = {
			isa = PBXGroup;
			children = (
				9E2AE4542AA81F7E00E66B9A /* PostMiiTests.swift */,
			);
			path = PostMiiTests;
			sourceTree = "<group>";
		};
		9E2AE45D2AA81F7E00E66B9A /* PostMiiUITests */ = {
			isa = PBXGroup;
			children = (
				9E2AE45E2AA81F7E00E66B9A /* PostMiiUITests.swift */,
				9E2AE4602AA81F7E00E66B9A /* PostMiiUITestsLaunchTests.swift */,
			);
			path = PostMiiUITests;
			sourceTree = "<group>";
		};
		9E2AE46D2AA81F8900E66B9A /* Services */ = {
			isa = PBXGroup;
			children = (
				9E45839B2AB028B600822721 /* TodoService.swift */,
				9ED16BE32AD4A7E7008A926C /* MyProfileService.swift */,
				9E8CAFC82AC39BF200481DAA /* NetworkManager.swift */,
				9E7F8CEF2AD9E0DB001FCF72 /* UserAccountService.swift */,
			);
			path = Services;
			sourceTree = "<group>";
		};
		9E2AE46E2AA81F9000E66B9A /* Helpers */ = {
			isa = PBXGroup;
			children = (
				9ED16BFB2AD60123008A926C /* Views */,
				9ED16BDC2ACE0D56008A926C /* Extensions */,
				9E4583972AA900B900822721 /* Gradients.swift */,
				9E8CB0052AC4D24200481DAA /* FirebaseHelper.swift */,
				9E8CB0072AC4D95B00481DAA /* FirebaseError.swift */,
				9E7F8CF32AD9E44A001FCF72 /* FirebaseAuthError.swift */,
				9E8CB01C2AC534CD00481DAA /* ThemeColors.swift */,
			);
			path = Helpers;
			sourceTree = "<group>";
		};
		9E2AE46F2AA81F9600E66B9A /* Screens */ = {
			isa = PBXGroup;
			children = (
				9ED16BEF2AD5E9F0008A926C /* Friends Screen */,
				9ED16BE52AD508C6008A926C /* Todo Details Screen */,
				9E8CAFF92AC3EDC600481DAA /* SignUp Screen */,
				9E8CAFCA2AC3D72500481DAA /* Login Screen */,
				9E8CAF942AC1519A00481DAA /* Tab Bar */,
				9E8CAF9F2AC2117700481DAA /* Notifications Screen */,
				9E8CAF902AC1516500481DAA /* My Profile Screen */,
				9E2AE47B2AA8284700E66B9A /* Add Todo Screen */,
				9E2AE4712AA8203B00E66B9A /* Home Screen */,
			);
			path = Screens;
			sourceTree = "<group>";
		};
		9E2AE4702AA81F9A00E66B9A /* Supporting Files */ = {
			isa = PBXGroup;
			children = (
				9E2AE43A2AA81F7E00E66B9A /* AppDelegate.swift */,
				9E2AE43C2AA81F7E00E66B9A /* SceneDelegate.swift */,
			);
			path = "Supporting Files";
			sourceTree = "<group>";
		};
		9E2AE4712AA8203B00E66B9A /* Home Screen */ = {
			isa = PBXGroup;
			children = (
				9E45839D2AB0295F00822721 /* ViewModel */,
				9E2AE4822AA82B6100E66B9A /* View */,
				9E2AE4782AA8250300E66B9A /* Model */,
			);
			path = "Home Screen";
			sourceTree = "<group>";
		};
		9E2AE4782AA8250300E66B9A /* Model */ = {
			isa = PBXGroup;
			children = (
				9E2AE4792AA8250E00E66B9A /* Todo.swift */,
			);
			path = Model;
			sourceTree = "<group>";
		};
		9E2AE47B2AA8284700E66B9A /* Add Todo Screen */ = {
			isa = PBXGroup;
			children = (
				9E2AE47C2AA8285D00E66B9A /* AddTodoVC.swift */,
				9E2AE47E2AA8286300E66B9A /* AddTodoView.swift */,
				9E2AE4802AA8289C00E66B9A /* AddTodoVM.swift */,
			);
			path = "Add Todo Screen";
			sourceTree = "<group>";
		};
		9E2AE4822AA82B6100E66B9A /* View */ = {
			isa = PBXGroup;
			children = (
				9E2AE4722AA8204A00E66B9A /* HomeVC.swift */,
				9E2AE4762AA8205300E66B9A /* HomeView.swift */,
				9E2AE4832AA82B6800E66B9A /* TodoCardView.swift */,
				9E8CAF8E2AC14A9C00481DAA /* HomeCalendarView.swift */,
				9E7F8CFC2ADF434B001FCF72 /* TodoCardOverlayView.swift */,
			);
			path = View;
			sourceTree = "<group>";
		};
		9E45839D2AB0295F00822721 /* ViewModel */ = {
			isa = PBXGroup;
			children = (
				9E2AE4742AA8204E00E66B9A /* HomeVM.swift */,
				9E45839E2AB02A7500822721 /* TodoCardCellVM.swift */,
			);
			path = ViewModel;
			sourceTree = "<group>";
		};
		9E8CAF902AC1516500481DAA /* My Profile Screen */ = {
			isa = PBXGroup;
			children = (
				9E8CAF932AC1517800481DAA /* Model */,
				9E8CAF922AC1517100481DAA /* View */,
				9E8CAF912AC1516B00481DAA /* ViewModel */,
			);
			path = "My Profile Screen";
			sourceTree = "<group>";
		};
		9E8CAF912AC1516B00481DAA /* ViewModel */ = {
			isa = PBXGroup;
			children = (
				9E8CAF9B2AC152B800481DAA /* MyProfileVM.swift */,
			);
			path = ViewModel;
			sourceTree = "<group>";
		};
		9E8CAF922AC1517100481DAA /* View */ = {
			isa = PBXGroup;
			children = (
				9E8CAF972AC152AC00481DAA /* MyProfileView.swift */,
				9E8CAF992AC152B100481DAA /* MyProfileVC.swift */,
			);
			path = View;
			sourceTree = "<group>";
		};
		9E8CAF932AC1517800481DAA /* Model */ = {
			isa = PBXGroup;
			children = (
				9E8CAF9D2AC152C100481DAA /* MyProfile.swift */,
			);
			path = Model;
			sourceTree = "<group>";
		};
		9E8CAF942AC1519A00481DAA /* Tab Bar */ = {
			isa = PBXGroup;
			children = (
				9E8CAF952AC151AF00481DAA /* TabBarController.swift */,
			);
			path = "Tab Bar";
			sourceTree = "<group>";
		};
		9E8CAF9F2AC2117700481DAA /* Notifications Screen */ = {
			isa = PBXGroup;
			children = (
				9E8CAFA22AC2118C00481DAA /* Model */,
				9E8CAFA12AC2118600481DAA /* ViewModel */,
				9E8CAFA02AC2118200481DAA /* View */,
			);
			path = "Notifications Screen";
			sourceTree = "<group>";
		};
		9E8CAFA02AC2118200481DAA /* View */ = {
			isa = PBXGroup;
			children = (
				9E8CAFA32AC2119600481DAA /* NotificationsVC.swift */,
				9E8CAFA52AC2119C00481DAA /* NotificationsView.swift */,
			);
			path = View;
			sourceTree = "<group>";
		};
		9E8CAFA12AC2118600481DAA /* ViewModel */ = {
			isa = PBXGroup;
			children = (
				9E8CAFA72AC211A600481DAA /* NotificationsVM.swift */,
			);
			path = ViewModel;
			sourceTree = "<group>";
		};
		9E8CAFA22AC2118C00481DAA /* Model */ = {
			isa = PBXGroup;
			children = (
				9E8CAFA92AC211B300481DAA /* Notification.swift */,
			);
			path = Model;
			sourceTree = "<group>";
		};
		9E8CAFCA2AC3D72500481DAA /* Login Screen */ = {
			isa = PBXGroup;
			children = (
				9E8CAFCD2AC3D73600481DAA /* Model */,
				9E8CAFCC2AC3D73200481DAA /* ViewModel */,
				9E8CAFCB2AC3D72D00481DAA /* View */,
			);
			path = "Login Screen";
			sourceTree = "<group>";
		};
		9E8CAFCB2AC3D72D00481DAA /* View */ = {
			isa = PBXGroup;
			children = (
				9E8CAFF12AC3D82500481DAA /* LoginView.swift */,
				9E8CAFF32AC3D82900481DAA /* LoginVC.swift */,
			);
			path = View;
			sourceTree = "<group>";
		};
		9E8CAFCC2AC3D73200481DAA /* ViewModel */ = {
			isa = PBXGroup;
			children = (
				9E8CAFF52AC3D82F00481DAA /* LoginVM.swift */,
			);
			path = ViewModel;
			sourceTree = "<group>";
		};
		9E8CAFCD2AC3D73600481DAA /* Model */ = {
			isa = PBXGroup;
			children = (
			);
			path = Model;
			sourceTree = "<group>";
		};
		9E8CAFF92AC3EDC600481DAA /* SignUp Screen */ = {
			isa = PBXGroup;
			children = (
				9E8CAFFC2AC3EDDD00481DAA /* Model */,
				9E8CAFFB2AC3EDD800481DAA /* ViewModel */,
				9E8CAFFA2AC3EDD100481DAA /* View */,
			);
			path = "SignUp Screen";
			sourceTree = "<group>";
		};
		9E8CAFFA2AC3EDD100481DAA /* View */ = {
			isa = PBXGroup;
			children = (
				9E8CAFFD2AC3EDE300481DAA /* SignUpView.swift */,
				9E8CAFFF2AC3EDEA00481DAA /* SignUpVC.swift */,
			);
			path = View;
			sourceTree = "<group>";
		};
		9E8CAFFB2AC3EDD800481DAA /* ViewModel */ = {
			isa = PBXGroup;
			children = (
				9E8CB0012AC3EDEF00481DAA /* SignUpVM.swift */,
			);
			path = ViewModel;
			sourceTree = "<group>";
		};
		9E8CAFFC2AC3EDDD00481DAA /* Model */ = {
			isa = PBXGroup;
			children = (
				9E7F8CF12AD9E115001FCF72 /* User.swift */,
			);
			path = Model;
			sourceTree = "<group>";
		};
		9E8CB0092AC5093600481DAA /* Font */ = {
			isa = PBXGroup;
			children = (
				9E8CB00E2AC50F3100481DAA /* OpenSans-Regular.ttf */,
				9E8CB0102AC50F3A00481DAA /* OpenSans-SemiBold.ttf */,
				9E8CB0122AC50F4300481DAA /* OpenSans-Medium.ttf */,
				9E8CB0142AC50F4D00481DAA /* OpenSans-Bold.ttf */,
				9E8CB01A2AC5163F00481DAA /* AppFont.swift */,
			);
			path = Font;
			sourceTree = "<group>";
		};
		9ED16BDC2ACE0D56008A926C /* Extensions */ = {
			isa = PBXGroup;
			children = (
				9E4583A02AB02D8200822721 /* DateFormatter.swift */,
				9E4583992AA9033100822721 /* UIColor+HexConversion.swift */,
				9E8CB0032AC4BD5B00481DAA /* UIViewController+Alert.swift */,
			);
			path = Extensions;
			sourceTree = "<group>";
		};
		9ED16BE52AD508C6008A926C /* Todo Details Screen */ = {
			isa = PBXGroup;
			children = (
				9ED16BE62AD508CE008A926C /* Model */,
				9ED16BE72AD508D2008A926C /* ViewModel */,
				9ED16BE82AD508D7008A926C /* View */,
			);
			path = "Todo Details Screen";
			sourceTree = "<group>";
		};
		9ED16BE62AD508CE008A926C /* Model */ = {
			isa = PBXGroup;
			children = (
			);
			path = Model;
			sourceTree = "<group>";
		};
		9ED16BE72AD508D2008A926C /* ViewModel */ = {
			isa = PBXGroup;
			children = (
				9ED16BED2AD508F7008A926C /* TodoDetailsVM.swift */,
			);
			path = ViewModel;
			sourceTree = "<group>";
		};
		9ED16BE82AD508D7008A926C /* View */ = {
			isa = PBXGroup;
			children = (
				9ED16BE92AD508EA008A926C /* TodoDetailsView.swift */,
				9ED16BEB2AD508F2008A926C /* TodoDetailsVC.swift */,
			);
			path = View;
			sourceTree = "<group>";
		};
		9ED16BEF2AD5E9F0008A926C /* Friends Screen */ = {
			isa = PBXGroup;
			children = (
				9ED16BF22AD5E9FE008A926C /* ViewModel */,
				9ED16BF12AD5E9FA008A926C /* View */,
				9ED16BF02AD5E9F6008A926C /* Model */,
			);
			path = "Friends Screen";
			sourceTree = "<group>";
		};
		9ED16BF02AD5E9F6008A926C /* Model */ = {
			isa = PBXGroup;
			children = (
				9ED16BF92AD5EA7F008A926C /* Friend.swift */,
			);
			path = Model;
			sourceTree = "<group>";
		};
		9ED16BF12AD5E9FA008A926C /* View */ = {
			isa = PBXGroup;
			children = (
				9ED16BF32AD5EA09008A926C /* FriendsVC.swift */,
				9ED16BF52AD5EA0F008A926C /* FriendsView.swift */,
			);
			path = View;
			sourceTree = "<group>";
		};
		9ED16BF22AD5E9FE008A926C /* ViewModel */ = {
			isa = PBXGroup;
			children = (
				9ED16BF72AD5EA3F008A926C /* FriendsVM.swift */,
			);
			path = ViewModel;
			sourceTree = "<group>";
		};
		9ED16BFB2AD60123008A926C /* Views */ = {
			isa = PBXGroup;
			children = (
				9ED16BDF2AD4A2FE008A926C /* CircleImageView.swift */,
				9ED16BFC2AD6012B008A926C /* CircleButton.swift */,
			);
			path = Views;
			sourceTree = "<group>";
		};
/* End PBXGroup section */

/* Begin PBXNativeTarget section */
		9E2AE4362AA81F7D00E66B9A /* PostMii */ = {
			isa = PBXNativeTarget;
			buildConfigurationList = 9E2AE4642AA81F7E00E66B9A /* Build configuration list for PBXNativeTarget "PostMii" */;
			buildPhases = (
				D483006D51150EE29B9CF911 /* [CP] Check Pods Manifest.lock */,
				9E2AE4332AA81F7D00E66B9A /* Sources */,
				9E2AE4342AA81F7D00E66B9A /* Frameworks */,
				9E2AE4352AA81F7D00E66B9A /* Resources */,
				939120D832FADE0579B962D1 /* [CP] Embed Pods Frameworks */,
			);
			buildRules = (
			);
			dependencies = (
			);
			name = PostMii;
			packageProductDependencies = (
				9E8CAFCF2AC3D7E800481DAA /* FirebaseAnalytics */,
				9E8CAFD12AC3D7E800481DAA /* FirebaseAnalyticsOnDeviceConversion */,
				9E8CAFD32AC3D7E800481DAA /* FirebaseAnalyticsSwift */,
				9E8CAFD52AC3D7E800481DAA /* FirebaseAnalyticsWithoutAdIdSupport */,
				9E8CAFD72AC3D7E800481DAA /* FirebaseAppDistribution-Beta */,
				9E8CAFD92AC3D7E800481DAA /* FirebaseAuth */,
				9E8CAFDB2AC3D7E800481DAA /* FirebaseAuthCombine-Community */,
				9E8CAFDD2AC3D7E800481DAA /* FirebaseCrashlytics */,
				9E8CAFDF2AC3D7E800481DAA /* FirebaseDatabase */,
				9E8CAFE12AC3D7E800481DAA /* FirebaseDatabaseSwift */,
				9E8CAFE32AC3D7E800481DAA /* FirebaseInAppMessaging-Beta */,
				9E8CAFE52AC3D7E800481DAA /* FirebaseInAppMessagingSwift-Beta */,
				9E8CAFE72AC3D7E800481DAA /* FirebaseMessaging */,
				9E8CAFE92AC3D7E800481DAA /* FirebaseRemoteConfig */,
				9E8CAFEB2AC3D7E800481DAA /* FirebaseRemoteConfigSwift */,
				9E8CAFED2AC3D7E800481DAA /* FirebaseStorage */,
				9E8CAFEF2AC3D7E800481DAA /* FirebaseStorageCombine-Community */,
				9E7F8CF82ADF32B6001FCF72 /* SkeletonView */,
				9EC8E9F02AE073D80031F01C /* Lottie */,
			);
			productName = PostMii;
			productReference = 9E2AE4372AA81F7D00E66B9A /* PostMii.app */;
			productType = "com.apple.product-type.application";
		};
		9E2AE44F2AA81F7E00E66B9A /* PostMiiTests */ = {
			isa = PBXNativeTarget;
			buildConfigurationList = 9E2AE4672AA81F7E00E66B9A /* Build configuration list for PBXNativeTarget "PostMiiTests" */;
			buildPhases = (
				B0F56A8FF44EE059880FDC11 /* [CP] Check Pods Manifest.lock */,
				9E2AE44C2AA81F7E00E66B9A /* Sources */,
				9E2AE44D2AA81F7E00E66B9A /* Frameworks */,
				9E2AE44E2AA81F7E00E66B9A /* Resources */,
			);
			buildRules = (
			);
			dependencies = (
				9E2AE4522AA81F7E00E66B9A /* PBXTargetDependency */,
			);
			name = PostMiiTests;
			productName = PostMiiTests;
			productReference = 9E2AE4502AA81F7E00E66B9A /* PostMiiTests.xctest */;
			productType = "com.apple.product-type.bundle.unit-test";
		};
		9E2AE4592AA81F7E00E66B9A /* PostMiiUITests */ = {
			isa = PBXNativeTarget;
			buildConfigurationList = 9E2AE46A2AA81F7E00E66B9A /* Build configuration list for PBXNativeTarget "PostMiiUITests" */;
			buildPhases = (
				A4C85AC5BAB66938A7142D79 /* [CP] Check Pods Manifest.lock */,
				9E2AE4562AA81F7E00E66B9A /* Sources */,
				9E2AE4572AA81F7E00E66B9A /* Frameworks */,
				9E2AE4582AA81F7E00E66B9A /* Resources */,
				9806CA2D7C90D7F4B55A0955 /* [CP] Embed Pods Frameworks */,
			);
			buildRules = (
			);
			dependencies = (
				9E2AE45C2AA81F7E00E66B9A /* PBXTargetDependency */,
			);
			name = PostMiiUITests;
			productName = PostMiiUITests;
			productReference = 9E2AE45A2AA81F7E00E66B9A /* PostMiiUITests.xctest */;
			productType = "com.apple.product-type.bundle.ui-testing";
		};
/* End PBXNativeTarget section */

/* Begin PBXProject section */
		9E2AE42F2AA81F7D00E66B9A /* Project object */ = {
			isa = PBXProject;
			attributes = {
				BuildIndependentTargetsInParallel = 1;
				LastSwiftUpdateCheck = 1430;
				LastUpgradeCheck = 1430;
				TargetAttributes = {
					9E2AE4362AA81F7D00E66B9A = {
						CreatedOnToolsVersion = 14.3.1;
					};
					9E2AE44F2AA81F7E00E66B9A = {
						CreatedOnToolsVersion = 14.3.1;
						TestTargetID = 9E2AE4362AA81F7D00E66B9A;
					};
					9E2AE4592AA81F7E00E66B9A = {
						CreatedOnToolsVersion = 14.3.1;
						TestTargetID = 9E2AE4362AA81F7D00E66B9A;
					};
				};
			};
			buildConfigurationList = 9E2AE4322AA81F7D00E66B9A /* Build configuration list for PBXProject "PostMii" */;
			compatibilityVersion = "Xcode 14.0";
			developmentRegion = en;
			hasScannedForEncodings = 0;
			knownRegions = (
				en,
				Base,
			);
			mainGroup = 9E2AE42E2AA81F7D00E66B9A;
			packageReferences = (
				9E8CAFCE2AC3D7E800481DAA /* XCRemoteSwiftPackageReference "firebase-ios-sdk" */,
				9E7F8CF72ADF32B6001FCF72 /* XCRemoteSwiftPackageReference "SkeletonView" */,
				9EC8E9EF2AE073D70031F01C /* XCRemoteSwiftPackageReference "lottie-spm" */,
			);
			productRefGroup = 9E2AE4382AA81F7D00E66B9A /* Products */;
			projectDirPath = "";
			projectRoot = "";
			targets = (
				9E2AE4362AA81F7D00E66B9A /* PostMii */,
				9E2AE44F2AA81F7E00E66B9A /* PostMiiTests */,
				9E2AE4592AA81F7E00E66B9A /* PostMiiUITests */,
			);
		};
/* End PBXProject section */

/* Begin PBXResourcesBuildPhase section */
		9E2AE4352AA81F7D00E66B9A /* Resources */ = {
			isa = PBXResourcesBuildPhase;
			buildActionMask = 2147483647;
			files = (
				9E8CB0132AC50F4300481DAA /* OpenSans-Medium.ttf in Resources */,
				9E8CB0152AC50F4D00481DAA /* OpenSans-Bold.ttf in Resources */,
				9E2AE44A2AA81F7E00E66B9A /* LaunchScreen.storyboard in Resources */,
				9E2AE4472AA81F7E00E66B9A /* Assets.xcassets in Resources */,
				9E8CB0112AC50F3A00481DAA /* OpenSans-SemiBold.ttf in Resources */,
				9E8CB00F2AC50F3100481DAA /* OpenSans-Regular.ttf in Resources */,
				9E7F8CF62ADF1CC7001FCF72 /* GoogleService-Info.plist in Resources */,
			);
			runOnlyForDeploymentPostprocessing = 0;
		};
		9E2AE44E2AA81F7E00E66B9A /* Resources */ = {
			isa = PBXResourcesBuildPhase;
			buildActionMask = 2147483647;
			files = (
			);
			runOnlyForDeploymentPostprocessing = 0;
		};
		9E2AE4582AA81F7E00E66B9A /* Resources */ = {
			isa = PBXResourcesBuildPhase;
			buildActionMask = 2147483647;
			files = (
			);
			runOnlyForDeploymentPostprocessing = 0;
		};
/* End PBXResourcesBuildPhase section */

/* Begin PBXShellScriptBuildPhase section */
		939120D832FADE0579B962D1 /* [CP] Embed Pods Frameworks */ = {
			isa = PBXShellScriptBuildPhase;
			buildActionMask = 2147483647;
			files = (
			);
			inputFileListPaths = (
				"${PODS_ROOT}/Target Support Files/Pods-PostMii/Pods-PostMii-frameworks-${CONFIGURATION}-input-files.xcfilelist",
			);
			name = "[CP] Embed Pods Frameworks";
			outputFileListPaths = (
				"${PODS_ROOT}/Target Support Files/Pods-PostMii/Pods-PostMii-frameworks-${CONFIGURATION}-output-files.xcfilelist",
			);
			runOnlyForDeploymentPostprocessing = 0;
			shellPath = /bin/sh;
			shellScript = "\"${PODS_ROOT}/Target Support Files/Pods-PostMii/Pods-PostMii-frameworks.sh\"\n";
			showEnvVarsInLog = 0;
		};
		9806CA2D7C90D7F4B55A0955 /* [CP] Embed Pods Frameworks */ = {
			isa = PBXShellScriptBuildPhase;
			buildActionMask = 2147483647;
			files = (
			);
			inputFileListPaths = (
				"${PODS_ROOT}/Target Support Files/Pods-PostMii-PostMiiUITests/Pods-PostMii-PostMiiUITests-frameworks-${CONFIGURATION}-input-files.xcfilelist",
			);
			name = "[CP] Embed Pods Frameworks";
			outputFileListPaths = (
				"${PODS_ROOT}/Target Support Files/Pods-PostMii-PostMiiUITests/Pods-PostMii-PostMiiUITests-frameworks-${CONFIGURATION}-output-files.xcfilelist",
			);
			runOnlyForDeploymentPostprocessing = 0;
			shellPath = /bin/sh;
			shellScript = "\"${PODS_ROOT}/Target Support Files/Pods-PostMii-PostMiiUITests/Pods-PostMii-PostMiiUITests-frameworks.sh\"\n";
			showEnvVarsInLog = 0;
		};
		A4C85AC5BAB66938A7142D79 /* [CP] Check Pods Manifest.lock */ = {
			isa = PBXShellScriptBuildPhase;
			buildActionMask = 2147483647;
			files = (
			);
			inputFileListPaths = (
			);
			inputPaths = (
				"${PODS_PODFILE_DIR_PATH}/Podfile.lock",
				"${PODS_ROOT}/Manifest.lock",
			);
			name = "[CP] Check Pods Manifest.lock";
			outputFileListPaths = (
			);
			outputPaths = (
				"$(DERIVED_FILE_DIR)/Pods-PostMii-PostMiiUITests-checkManifestLockResult.txt",
			);
			runOnlyForDeploymentPostprocessing = 0;
			shellPath = /bin/sh;
			shellScript = "diff \"${PODS_PODFILE_DIR_PATH}/Podfile.lock\" \"${PODS_ROOT}/Manifest.lock\" > /dev/null\nif [ $? != 0 ] ; then\n    # print error to STDERR\n    echo \"error: The sandbox is not in sync with the Podfile.lock. Run 'pod install' or update your CocoaPods installation.\" >&2\n    exit 1\nfi\n# This output is used by Xcode 'outputs' to avoid re-running this script phase.\necho \"SUCCESS\" > \"${SCRIPT_OUTPUT_FILE_0}\"\n";
			showEnvVarsInLog = 0;
		};
		B0F56A8FF44EE059880FDC11 /* [CP] Check Pods Manifest.lock */ = {
			isa = PBXShellScriptBuildPhase;
			buildActionMask = 2147483647;
			files = (
			);
			inputFileListPaths = (
			);
			inputPaths = (
				"${PODS_PODFILE_DIR_PATH}/Podfile.lock",
				"${PODS_ROOT}/Manifest.lock",
			);
			name = "[CP] Check Pods Manifest.lock";
			outputFileListPaths = (
			);
			outputPaths = (
				"$(DERIVED_FILE_DIR)/Pods-PostMiiTests-checkManifestLockResult.txt",
			);
			runOnlyForDeploymentPostprocessing = 0;
			shellPath = /bin/sh;
			shellScript = "diff \"${PODS_PODFILE_DIR_PATH}/Podfile.lock\" \"${PODS_ROOT}/Manifest.lock\" > /dev/null\nif [ $? != 0 ] ; then\n    # print error to STDERR\n    echo \"error: The sandbox is not in sync with the Podfile.lock. Run 'pod install' or update your CocoaPods installation.\" >&2\n    exit 1\nfi\n# This output is used by Xcode 'outputs' to avoid re-running this script phase.\necho \"SUCCESS\" > \"${SCRIPT_OUTPUT_FILE_0}\"\n";
			showEnvVarsInLog = 0;
		};
		D483006D51150EE29B9CF911 /* [CP] Check Pods Manifest.lock */ = {
			isa = PBXShellScriptBuildPhase;
			buildActionMask = 2147483647;
			files = (
			);
			inputFileListPaths = (
			);
			inputPaths = (
				"${PODS_PODFILE_DIR_PATH}/Podfile.lock",
				"${PODS_ROOT}/Manifest.lock",
			);
			name = "[CP] Check Pods Manifest.lock";
			outputFileListPaths = (
			);
			outputPaths = (
				"$(DERIVED_FILE_DIR)/Pods-PostMii-checkManifestLockResult.txt",
			);
			runOnlyForDeploymentPostprocessing = 0;
			shellPath = /bin/sh;
			shellScript = "diff \"${PODS_PODFILE_DIR_PATH}/Podfile.lock\" \"${PODS_ROOT}/Manifest.lock\" > /dev/null\nif [ $? != 0 ] ; then\n    # print error to STDERR\n    echo \"error: The sandbox is not in sync with the Podfile.lock. Run 'pod install' or update your CocoaPods installation.\" >&2\n    exit 1\nfi\n# This output is used by Xcode 'outputs' to avoid re-running this script phase.\necho \"SUCCESS\" > \"${SCRIPT_OUTPUT_FILE_0}\"\n";
			showEnvVarsInLog = 0;
		};
/* End PBXShellScriptBuildPhase section */

/* Begin PBXSourcesBuildPhase section */
		9E2AE4332AA81F7D00E66B9A /* Sources */ = {
			isa = PBXSourcesBuildPhase;
			buildActionMask = 2147483647;
			files = (
				9E7F8CF02AD9E0DB001FCF72 /* UserAccountService.swift in Sources */,
				9ED16BEC2AD508F2008A926C /* TodoDetailsVC.swift in Sources */,
				9E8CAFC92AC39BF200481DAA /* NetworkManager.swift in Sources */,
				9E4583982AA900B900822721 /* Gradients.swift in Sources */,
				9E8CAF9E2AC152C100481DAA /* MyProfile.swift in Sources */,
				9E2AE4452AA81F7E00E66B9A /* PostMii.xcdatamodeld in Sources */,
				9E8CB0062AC4D24200481DAA /* FirebaseHelper.swift in Sources */,
				9E45839F2AB02A7500822721 /* TodoCardCellVM.swift in Sources */,
				9ED16BF62AD5EA0F008A926C /* FriendsView.swift in Sources */,
				9E8CAF962AC151AF00481DAA /* TabBarController.swift in Sources */,
				9ED16BE02AD4A2FE008A926C /* CircleImageView.swift in Sources */,
				9E2AE4752AA8204E00E66B9A /* HomeVM.swift in Sources */,
				9E45839C2AB028B600822721 /* TodoService.swift in Sources */,
				9E2AE47F2AA8286300E66B9A /* AddTodoView.swift in Sources */,
				9E2AE47D2AA8285D00E66B9A /* AddTodoVC.swift in Sources */,
				9ED16BFA2AD5EA7F008A926C /* Friend.swift in Sources */,
				9ED16BF42AD5EA09008A926C /* FriendsVC.swift in Sources */,
				9E7F8CFD2ADF434B001FCF72 /* TodoCardOverlayView.swift in Sources */,
				9E4583A12AB02D8200822721 /* DateFormatter.swift in Sources */,
				9E8CAF982AC152AC00481DAA /* MyProfileView.swift in Sources */,
				9E45839A2AA9033100822721 /* UIColor+HexConversion.swift in Sources */,
				9E2AE47A2AA8250E00E66B9A /* Todo.swift in Sources */,
				9E8CAFF62AC3D82F00481DAA /* LoginVM.swift in Sources */,
				9E8CAF9A2AC152B100481DAA /* MyProfileVC.swift in Sources */,
				9E8CB0082AC4D95B00481DAA /* FirebaseError.swift in Sources */,
				9E2AE4732AA8204A00E66B9A /* HomeVC.swift in Sources */,
				9E8CB0022AC3EDEF00481DAA /* SignUpVM.swift in Sources */,
				9E8CAFF42AC3D82900481DAA /* LoginVC.swift in Sources */,
				9E8CB01B2AC5163F00481DAA /* AppFont.swift in Sources */,
				9ED16BFD2AD6012B008A926C /* CircleButton.swift in Sources */,
				9E8CB0042AC4BD5B00481DAA /* UIViewController+Alert.swift in Sources */,
				9E8CAF9C2AC152B800481DAA /* MyProfileVM.swift in Sources */,
				9ED16BF82AD5EA3F008A926C /* FriendsVM.swift in Sources */,
				9E8CAFA82AC211A600481DAA /* NotificationsVM.swift in Sources */,
				9E2AE4772AA8205300E66B9A /* HomeView.swift in Sources */,
				9E2AE43B2AA81F7E00E66B9A /* AppDelegate.swift in Sources */,
				9ED16BE42AD4A7E7008A926C /* MyProfileService.swift in Sources */,
				9E2AE4812AA8289C00E66B9A /* AddTodoVM.swift in Sources */,
				9ED16BEA2AD508EA008A926C /* TodoDetailsView.swift in Sources */,
				9E8CAFAA2AC211B300481DAA /* Notification.swift in Sources */,
				9E8CB0002AC3EDEA00481DAA /* SignUpVC.swift in Sources */,
				9E7F8CF22AD9E115001FCF72 /* User.swift in Sources */,
				9E8CAFF22AC3D82500481DAA /* LoginView.swift in Sources */,
				9E2AE4842AA82B6800E66B9A /* TodoCardView.swift in Sources */,
				9E8CAF8F2AC14A9C00481DAA /* HomeCalendarView.swift in Sources */,
				9E8CAFFE2AC3EDE300481DAA /* SignUpView.swift in Sources */,
				9E8CB01D2AC534CD00481DAA /* ThemeColors.swift in Sources */,
				9E2AE43D2AA81F7E00E66B9A /* SceneDelegate.swift in Sources */,
				9ED16BEE2AD508F7008A926C /* TodoDetailsVM.swift in Sources */,
				9E8CAFA42AC2119600481DAA /* NotificationsVC.swift in Sources */,
				9E7F8CF42AD9E44A001FCF72 /* FirebaseAuthError.swift in Sources */,
				9E8CAFA62AC2119C00481DAA /* NotificationsView.swift in Sources */,
			);
			runOnlyForDeploymentPostprocessing = 0;
		};
		9E2AE44C2AA81F7E00E66B9A /* Sources */ = {
			isa = PBXSourcesBuildPhase;
			buildActionMask = 2147483647;
			files = (
				9E2AE4552AA81F7E00E66B9A /* PostMiiTests.swift in Sources */,
			);
			runOnlyForDeploymentPostprocessing = 0;
		};
		9E2AE4562AA81F7E00E66B9A /* Sources */ = {
			isa = PBXSourcesBuildPhase;
			buildActionMask = 2147483647;
			files = (
				9E2AE4612AA81F7E00E66B9A /* PostMiiUITestsLaunchTests.swift in Sources */,
				9E2AE45F2AA81F7E00E66B9A /* PostMiiUITests.swift in Sources */,
			);
			runOnlyForDeploymentPostprocessing = 0;
		};
/* End PBXSourcesBuildPhase section */

/* Begin PBXTargetDependency section */
		9E2AE4522AA81F7E00E66B9A /* PBXTargetDependency */ = {
			isa = PBXTargetDependency;
			target = 9E2AE4362AA81F7D00E66B9A /* PostMii */;
			targetProxy = 9E2AE4512AA81F7E00E66B9A /* PBXContainerItemProxy */;
		};
		9E2AE45C2AA81F7E00E66B9A /* PBXTargetDependency */ = {
			isa = PBXTargetDependency;
			target = 9E2AE4362AA81F7D00E66B9A /* PostMii */;
			targetProxy = 9E2AE45B2AA81F7E00E66B9A /* PBXContainerItemProxy */;
		};
/* End PBXTargetDependency section */

/* Begin PBXVariantGroup section */
		9E2AE4482AA81F7E00E66B9A /* LaunchScreen.storyboard */ = {
			isa = PBXVariantGroup;
			children = (
				9E2AE4492AA81F7E00E66B9A /* Base */,
			);
			name = LaunchScreen.storyboard;
			sourceTree = "<group>";
		};
/* End PBXVariantGroup section */

/* Begin XCBuildConfiguration section */
		9E2AE4622AA81F7E00E66B9A /* Debug */ = {
			isa = XCBuildConfiguration;
			buildSettings = {
				ALWAYS_SEARCH_USER_PATHS = NO;
				CLANG_ANALYZER_NONNULL = YES;
				CLANG_ANALYZER_NUMBER_OBJECT_CONVERSION = YES_AGGRESSIVE;
				CLANG_CXX_LANGUAGE_STANDARD = "gnu++20";
				CLANG_ENABLE_MODULES = YES;
				CLANG_ENABLE_OBJC_ARC = YES;
				CLANG_ENABLE_OBJC_WEAK = YES;
				CLANG_WARN_BLOCK_CAPTURE_AUTORELEASING = YES;
				CLANG_WARN_BOOL_CONVERSION = YES;
				CLANG_WARN_COMMA = YES;
				CLANG_WARN_CONSTANT_CONVERSION = YES;
				CLANG_WARN_DEPRECATED_OBJC_IMPLEMENTATIONS = YES;
				CLANG_WARN_DIRECT_OBJC_ISA_USAGE = YES_ERROR;
				CLANG_WARN_DOCUMENTATION_COMMENTS = YES;
				CLANG_WARN_EMPTY_BODY = YES;
				CLANG_WARN_ENUM_CONVERSION = YES;
				CLANG_WARN_INFINITE_RECURSION = YES;
				CLANG_WARN_INT_CONVERSION = YES;
				CLANG_WARN_NON_LITERAL_NULL_CONVERSION = YES;
				CLANG_WARN_OBJC_IMPLICIT_RETAIN_SELF = YES;
				CLANG_WARN_OBJC_LITERAL_CONVERSION = YES;
				CLANG_WARN_OBJC_ROOT_CLASS = YES_ERROR;
				CLANG_WARN_QUOTED_INCLUDE_IN_FRAMEWORK_HEADER = YES;
				CLANG_WARN_RANGE_LOOP_ANALYSIS = YES;
				CLANG_WARN_STRICT_PROTOTYPES = YES;
				CLANG_WARN_SUSPICIOUS_MOVE = YES;
				CLANG_WARN_UNGUARDED_AVAILABILITY = YES_AGGRESSIVE;
				CLANG_WARN_UNREACHABLE_CODE = YES;
				CLANG_WARN__DUPLICATE_METHOD_MATCH = YES;
				COPY_PHASE_STRIP = NO;
				DEBUG_INFORMATION_FORMAT = dwarf;
				ENABLE_STRICT_OBJC_MSGSEND = YES;
				ENABLE_TESTABILITY = YES;
				GCC_C_LANGUAGE_STANDARD = gnu11;
				GCC_DYNAMIC_NO_PIC = NO;
				GCC_NO_COMMON_BLOCKS = YES;
				GCC_OPTIMIZATION_LEVEL = 0;
				GCC_PREPROCESSOR_DEFINITIONS = (
					"DEBUG=1",
					"$(inherited)",
				);
				GCC_WARN_64_TO_32_BIT_CONVERSION = YES;
				GCC_WARN_ABOUT_RETURN_TYPE = YES_ERROR;
				GCC_WARN_UNDECLARED_SELECTOR = YES;
				GCC_WARN_UNINITIALIZED_AUTOS = YES_AGGRESSIVE;
				GCC_WARN_UNUSED_FUNCTION = YES;
				GCC_WARN_UNUSED_VARIABLE = YES;
				IPHONEOS_DEPLOYMENT_TARGET = 16.4;
				MTL_ENABLE_DEBUG_INFO = INCLUDE_SOURCE;
				MTL_FAST_MATH = YES;
				ONLY_ACTIVE_ARCH = YES;
				SDKROOT = iphoneos;
				SWIFT_ACTIVE_COMPILATION_CONDITIONS = DEBUG;
				SWIFT_OPTIMIZATION_LEVEL = "-Onone";
			};
			name = Debug;
		};
		9E2AE4632AA81F7E00E66B9A /* Release */ = {
			isa = XCBuildConfiguration;
			buildSettings = {
				ALWAYS_SEARCH_USER_PATHS = NO;
				CLANG_ANALYZER_NONNULL = YES;
				CLANG_ANALYZER_NUMBER_OBJECT_CONVERSION = YES_AGGRESSIVE;
				CLANG_CXX_LANGUAGE_STANDARD = "gnu++20";
				CLANG_ENABLE_MODULES = YES;
				CLANG_ENABLE_OBJC_ARC = YES;
				CLANG_ENABLE_OBJC_WEAK = YES;
				CLANG_WARN_BLOCK_CAPTURE_AUTORELEASING = YES;
				CLANG_WARN_BOOL_CONVERSION = YES;
				CLANG_WARN_COMMA = YES;
				CLANG_WARN_CONSTANT_CONVERSION = YES;
				CLANG_WARN_DEPRECATED_OBJC_IMPLEMENTATIONS = YES;
				CLANG_WARN_DIRECT_OBJC_ISA_USAGE = YES_ERROR;
				CLANG_WARN_DOCUMENTATION_COMMENTS = YES;
				CLANG_WARN_EMPTY_BODY = YES;
				CLANG_WARN_ENUM_CONVERSION = YES;
				CLANG_WARN_INFINITE_RECURSION = YES;
				CLANG_WARN_INT_CONVERSION = YES;
				CLANG_WARN_NON_LITERAL_NULL_CONVERSION = YES;
				CLANG_WARN_OBJC_IMPLICIT_RETAIN_SELF = YES;
				CLANG_WARN_OBJC_LITERAL_CONVERSION = YES;
				CLANG_WARN_OBJC_ROOT_CLASS = YES_ERROR;
				CLANG_WARN_QUOTED_INCLUDE_IN_FRAMEWORK_HEADER = YES;
				CLANG_WARN_RANGE_LOOP_ANALYSIS = YES;
				CLANG_WARN_STRICT_PROTOTYPES = YES;
				CLANG_WARN_SUSPICIOUS_MOVE = YES;
				CLANG_WARN_UNGUARDED_AVAILABILITY = YES_AGGRESSIVE;
				CLANG_WARN_UNREACHABLE_CODE = YES;
				CLANG_WARN__DUPLICATE_METHOD_MATCH = YES;
				COPY_PHASE_STRIP = NO;
				DEBUG_INFORMATION_FORMAT = "dwarf-with-dsym";
				ENABLE_NS_ASSERTIONS = NO;
				ENABLE_STRICT_OBJC_MSGSEND = YES;
				GCC_C_LANGUAGE_STANDARD = gnu11;
				GCC_NO_COMMON_BLOCKS = YES;
				GCC_WARN_64_TO_32_BIT_CONVERSION = YES;
				GCC_WARN_ABOUT_RETURN_TYPE = YES_ERROR;
				GCC_WARN_UNDECLARED_SELECTOR = YES;
				GCC_WARN_UNINITIALIZED_AUTOS = YES_AGGRESSIVE;
				GCC_WARN_UNUSED_FUNCTION = YES;
				GCC_WARN_UNUSED_VARIABLE = YES;
				IPHONEOS_DEPLOYMENT_TARGET = 16.4;
				MTL_ENABLE_DEBUG_INFO = NO;
				MTL_FAST_MATH = YES;
				SDKROOT = iphoneos;
				SWIFT_COMPILATION_MODE = wholemodule;
				SWIFT_OPTIMIZATION_LEVEL = "-O";
				VALIDATE_PRODUCT = YES;
			};
			name = Release;
		};
		9E2AE4652AA81F7E00E66B9A /* Debug */ = {
			isa = XCBuildConfiguration;
			baseConfigurationReference = D76516CEF2C6D9ACC210FC1C /* Pods-PostMii.debug.xcconfig */;
			buildSettings = {
				ASSETCATALOG_COMPILER_APPICON_NAME = AppIcon;
				ASSETCATALOG_COMPILER_GLOBAL_ACCENT_COLOR_NAME = AccentColor;
				CODE_SIGN_STYLE = Automatic;
				CURRENT_PROJECT_VERSION = 1;
				DEVELOPMENT_TEAM = J6XHS9BNCX;
				GENERATE_INFOPLIST_FILE = YES;
				INFOPLIST_FILE = PostMii/Info.plist;
				INFOPLIST_KEY_UIApplicationSupportsIndirectInputEvents = YES;
				INFOPLIST_KEY_UILaunchStoryboardName = LaunchScreen;
				INFOPLIST_KEY_UIMainStoryboardFile = "";
				INFOPLIST_KEY_UISupportedInterfaceOrientations_iPad = "UIInterfaceOrientationPortrait UIInterfaceOrientationPortraitUpsideDown UIInterfaceOrientationLandscapeLeft UIInterfaceOrientationLandscapeRight";
				INFOPLIST_KEY_UISupportedInterfaceOrientations_iPhone = "UIInterfaceOrientationPortrait UIInterfaceOrientationLandscapeLeft UIInterfaceOrientationLandscapeRight";
				LD_RUNPATH_SEARCH_PATHS = (
					"$(inherited)",
					"@executable_path/Frameworks",
				);
				MARKETING_VERSION = 1.0;
				PRODUCT_BUNDLE_IDENTIFIER = com.danielanthonyr.PostMii;
				PRODUCT_NAME = "$(TARGET_NAME)";
				SWIFT_EMIT_LOC_STRINGS = YES;
				SWIFT_VERSION = 5.0;
				TARGETED_DEVICE_FAMILY = "1,2";
			};
			name = Debug;
		};
		9E2AE4662AA81F7E00E66B9A /* Release */ = {
			isa = XCBuildConfiguration;
			baseConfigurationReference = 7740B32EA14146221470DB63 /* Pods-PostMii.release.xcconfig */;
			buildSettings = {
				ASSETCATALOG_COMPILER_APPICON_NAME = AppIcon;
				ASSETCATALOG_COMPILER_GLOBAL_ACCENT_COLOR_NAME = AccentColor;
				CODE_SIGN_STYLE = Automatic;
				CURRENT_PROJECT_VERSION = 1;
				DEVELOPMENT_TEAM = J6XHS9BNCX;
				GENERATE_INFOPLIST_FILE = YES;
				INFOPLIST_FILE = PostMii/Info.plist;
				INFOPLIST_KEY_UIApplicationSupportsIndirectInputEvents = YES;
				INFOPLIST_KEY_UILaunchStoryboardName = LaunchScreen;
				INFOPLIST_KEY_UIMainStoryboardFile = "";
				INFOPLIST_KEY_UISupportedInterfaceOrientations_iPad = "UIInterfaceOrientationPortrait UIInterfaceOrientationPortraitUpsideDown UIInterfaceOrientationLandscapeLeft UIInterfaceOrientationLandscapeRight";
				INFOPLIST_KEY_UISupportedInterfaceOrientations_iPhone = "UIInterfaceOrientationPortrait UIInterfaceOrientationLandscapeLeft UIInterfaceOrientationLandscapeRight";
				LD_RUNPATH_SEARCH_PATHS = (
					"$(inherited)",
					"@executable_path/Frameworks",
				);
				MARKETING_VERSION = 1.0;
				PRODUCT_BUNDLE_IDENTIFIER = com.danielanthonyr.PostMii;
				PRODUCT_NAME = "$(TARGET_NAME)";
				SWIFT_EMIT_LOC_STRINGS = YES;
				SWIFT_VERSION = 5.0;
				TARGETED_DEVICE_FAMILY = "1,2";
			};
			name = Release;
		};
		9E2AE4682AA81F7E00E66B9A /* Debug */ = {
			isa = XCBuildConfiguration;
			baseConfigurationReference = 4A35F3A2E76D1BB316FC9F43 /* Pods-PostMiiTests.debug.xcconfig */;
			buildSettings = {
				ALWAYS_EMBED_SWIFT_STANDARD_LIBRARIES = YES;
				BUNDLE_LOADER = "$(TEST_HOST)";
				CODE_SIGN_STYLE = Automatic;
				CURRENT_PROJECT_VERSION = 1;
				DEVELOPMENT_TEAM = J6XHS9BNCX;
				GENERATE_INFOPLIST_FILE = YES;
				IPHONEOS_DEPLOYMENT_TARGET = 16.4;
				MARKETING_VERSION = 1.0;
				PRODUCT_BUNDLE_IDENTIFIER = com.danielanthonyr.PostMiiTests;
				PRODUCT_NAME = "$(TARGET_NAME)";
				SWIFT_EMIT_LOC_STRINGS = NO;
				SWIFT_VERSION = 5.0;
				TARGETED_DEVICE_FAMILY = "1,2";
				TEST_HOST = "$(BUILT_PRODUCTS_DIR)/PostMii.app/$(BUNDLE_EXECUTABLE_FOLDER_PATH)/PostMii";
			};
			name = Debug;
		};
		9E2AE4692AA81F7E00E66B9A /* Release */ = {
			isa = XCBuildConfiguration;
			baseConfigurationReference = B42AF8779836E2330ED30571 /* Pods-PostMiiTests.release.xcconfig */;
			buildSettings = {
				ALWAYS_EMBED_SWIFT_STANDARD_LIBRARIES = YES;
				BUNDLE_LOADER = "$(TEST_HOST)";
				CODE_SIGN_STYLE = Automatic;
				CURRENT_PROJECT_VERSION = 1;
				DEVELOPMENT_TEAM = J6XHS9BNCX;
				GENERATE_INFOPLIST_FILE = YES;
				IPHONEOS_DEPLOYMENT_TARGET = 16.4;
				MARKETING_VERSION = 1.0;
				PRODUCT_BUNDLE_IDENTIFIER = com.danielanthonyr.PostMiiTests;
				PRODUCT_NAME = "$(TARGET_NAME)";
				SWIFT_EMIT_LOC_STRINGS = NO;
				SWIFT_VERSION = 5.0;
				TARGETED_DEVICE_FAMILY = "1,2";
				TEST_HOST = "$(BUILT_PRODUCTS_DIR)/PostMii.app/$(BUNDLE_EXECUTABLE_FOLDER_PATH)/PostMii";
			};
			name = Release;
		};
		9E2AE46B2AA81F7E00E66B9A /* Debug */ = {
			isa = XCBuildConfiguration;
			baseConfigurationReference = B46C45128B75590C43FDD375 /* Pods-PostMii-PostMiiUITests.debug.xcconfig */;
			buildSettings = {
				ALWAYS_EMBED_SWIFT_STANDARD_LIBRARIES = YES;
				CODE_SIGN_STYLE = Automatic;
				CURRENT_PROJECT_VERSION = 1;
				DEVELOPMENT_TEAM = J6XHS9BNCX;
				GENERATE_INFOPLIST_FILE = YES;
				MARKETING_VERSION = 1.0;
				PRODUCT_BUNDLE_IDENTIFIER = com.danielanthonyr.PostMiiUITests;
				PRODUCT_NAME = "$(TARGET_NAME)";
				SWIFT_EMIT_LOC_STRINGS = NO;
				SWIFT_VERSION = 5.0;
				TARGETED_DEVICE_FAMILY = "1,2";
				TEST_TARGET_NAME = PostMii;
			};
			name = Debug;
		};
		9E2AE46C2AA81F7E00E66B9A /* Release */ = {
			isa = XCBuildConfiguration;
			baseConfigurationReference = 4282E5C898EBF267E8FDC2F4 /* Pods-PostMii-PostMiiUITests.release.xcconfig */;
			buildSettings = {
				ALWAYS_EMBED_SWIFT_STANDARD_LIBRARIES = YES;
				CODE_SIGN_STYLE = Automatic;
				CURRENT_PROJECT_VERSION = 1;
				DEVELOPMENT_TEAM = J6XHS9BNCX;
				GENERATE_INFOPLIST_FILE = YES;
				MARKETING_VERSION = 1.0;
				PRODUCT_BUNDLE_IDENTIFIER = com.danielanthonyr.PostMiiUITests;
				PRODUCT_NAME = "$(TARGET_NAME)";
				SWIFT_EMIT_LOC_STRINGS = NO;
				SWIFT_VERSION = 5.0;
				TARGETED_DEVICE_FAMILY = "1,2";
				TEST_TARGET_NAME = PostMii;
			};
			name = Release;
		};
/* End XCBuildConfiguration section */

/* Begin XCConfigurationList section */
		9E2AE4322AA81F7D00E66B9A /* Build configuration list for PBXProject "PostMii" */ = {
			isa = XCConfigurationList;
			buildConfigurations = (
				9E2AE4622AA81F7E00E66B9A /* Debug */,
				9E2AE4632AA81F7E00E66B9A /* Release */,
			);
			defaultConfigurationIsVisible = 0;
			defaultConfigurationName = Release;
		};
		9E2AE4642AA81F7E00E66B9A /* Build configuration list for PBXNativeTarget "PostMii" */ = {
			isa = XCConfigurationList;
			buildConfigurations = (
				9E2AE4652AA81F7E00E66B9A /* Debug */,
				9E2AE4662AA81F7E00E66B9A /* Release */,
			);
			defaultConfigurationIsVisible = 0;
			defaultConfigurationName = Release;
		};
		9E2AE4672AA81F7E00E66B9A /* Build configuration list for PBXNativeTarget "PostMiiTests" */ = {
			isa = XCConfigurationList;
			buildConfigurations = (
				9E2AE4682AA81F7E00E66B9A /* Debug */,
				9E2AE4692AA81F7E00E66B9A /* Release */,
			);
			defaultConfigurationIsVisible = 0;
			defaultConfigurationName = Release;
		};
		9E2AE46A2AA81F7E00E66B9A /* Build configuration list for PBXNativeTarget "PostMiiUITests" */ = {
			isa = XCConfigurationList;
			buildConfigurations = (
				9E2AE46B2AA81F7E00E66B9A /* Debug */,
				9E2AE46C2AA81F7E00E66B9A /* Release */,
			);
			defaultConfigurationIsVisible = 0;
			defaultConfigurationName = Release;
		};
/* End XCConfigurationList section */

/* Begin XCRemoteSwiftPackageReference section */
		9E7F8CF72ADF32B6001FCF72 /* XCRemoteSwiftPackageReference "SkeletonView" */ = {
			isa = XCRemoteSwiftPackageReference;
			repositoryURL = "https://github.com/Juanpe/SkeletonView.git";
			requirement = {
				kind = exactVersion;
				version = 1.30.3;
			};
		};
		9E8CAFCE2AC3D7E800481DAA /* XCRemoteSwiftPackageReference "firebase-ios-sdk" */ = {
			isa = XCRemoteSwiftPackageReference;
			repositoryURL = "https://github.com/firebase/firebase-ios-sdk";
			requirement = {
				kind = upToNextMajorVersion;
				minimumVersion = 10.0.0;
			};
		};
		9EC8E9EF2AE073D70031F01C /* XCRemoteSwiftPackageReference "lottie-spm" */ = {
			isa = XCRemoteSwiftPackageReference;
			repositoryURL = "https://github.com/airbnb/lottie-spm.git";
			requirement = {
				kind = upToNextMajorVersion;
				minimumVersion = 4.0.0;
			};
		};
/* End XCRemoteSwiftPackageReference section */

/* Begin XCSwiftPackageProductDependency section */
		9E7F8CF82ADF32B6001FCF72 /* SkeletonView */ = {
			isa = XCSwiftPackageProductDependency;
			package = 9E7F8CF72ADF32B6001FCF72 /* XCRemoteSwiftPackageReference "SkeletonView" */;
			productName = SkeletonView;
		};
		9E8CAFCF2AC3D7E800481DAA /* FirebaseAnalytics */ = {
			isa = XCSwiftPackageProductDependency;
			package = 9E8CAFCE2AC3D7E800481DAA /* XCRemoteSwiftPackageReference "firebase-ios-sdk" */;
			productName = FirebaseAnalytics;
		};
		9E8CAFD12AC3D7E800481DAA /* FirebaseAnalyticsOnDeviceConversion */ = {
			isa = XCSwiftPackageProductDependency;
			package = 9E8CAFCE2AC3D7E800481DAA /* XCRemoteSwiftPackageReference "firebase-ios-sdk" */;
			productName = FirebaseAnalyticsOnDeviceConversion;
		};
		9E8CAFD32AC3D7E800481DAA /* FirebaseAnalyticsSwift */ = {
			isa = XCSwiftPackageProductDependency;
			package = 9E8CAFCE2AC3D7E800481DAA /* XCRemoteSwiftPackageReference "firebase-ios-sdk" */;
			productName = FirebaseAnalyticsSwift;
		};
		9E8CAFD52AC3D7E800481DAA /* FirebaseAnalyticsWithoutAdIdSupport */ = {
			isa = XCSwiftPackageProductDependency;
			package = 9E8CAFCE2AC3D7E800481DAA /* XCRemoteSwiftPackageReference "firebase-ios-sdk" */;
			productName = FirebaseAnalyticsWithoutAdIdSupport;
		};
		9E8CAFD72AC3D7E800481DAA /* FirebaseAppDistribution-Beta */ = {
			isa = XCSwiftPackageProductDependency;
			package = 9E8CAFCE2AC3D7E800481DAA /* XCRemoteSwiftPackageReference "firebase-ios-sdk" */;
			productName = "FirebaseAppDistribution-Beta";
		};
		9E8CAFD92AC3D7E800481DAA /* FirebaseAuth */ = {
			isa = XCSwiftPackageProductDependency;
			package = 9E8CAFCE2AC3D7E800481DAA /* XCRemoteSwiftPackageReference "firebase-ios-sdk" */;
			productName = FirebaseAuth;
		};
		9E8CAFDB2AC3D7E800481DAA /* FirebaseAuthCombine-Community */ = {
			isa = XCSwiftPackageProductDependency;
			package = 9E8CAFCE2AC3D7E800481DAA /* XCRemoteSwiftPackageReference "firebase-ios-sdk" */;
			productName = "FirebaseAuthCombine-Community";
		};
		9E8CAFDD2AC3D7E800481DAA /* FirebaseCrashlytics */ = {
			isa = XCSwiftPackageProductDependency;
			package = 9E8CAFCE2AC3D7E800481DAA /* XCRemoteSwiftPackageReference "firebase-ios-sdk" */;
			productName = FirebaseCrashlytics;
		};
		9E8CAFDF2AC3D7E800481DAA /* FirebaseDatabase */ = {
			isa = XCSwiftPackageProductDependency;
			package = 9E8CAFCE2AC3D7E800481DAA /* XCRemoteSwiftPackageReference "firebase-ios-sdk" */;
			productName = FirebaseDatabase;
		};
		9E8CAFE12AC3D7E800481DAA /* FirebaseDatabaseSwift */ = {
			isa = XCSwiftPackageProductDependency;
			package = 9E8CAFCE2AC3D7E800481DAA /* XCRemoteSwiftPackageReference "firebase-ios-sdk" */;
			productName = FirebaseDatabaseSwift;
		};
		9E8CAFE32AC3D7E800481DAA /* FirebaseInAppMessaging-Beta */ = {
			isa = XCSwiftPackageProductDependency;
			package = 9E8CAFCE2AC3D7E800481DAA /* XCRemoteSwiftPackageReference "firebase-ios-sdk" */;
			productName = "FirebaseInAppMessaging-Beta";
		};
		9E8CAFE52AC3D7E800481DAA /* FirebaseInAppMessagingSwift-Beta */ = {
			isa = XCSwiftPackageProductDependency;
			package = 9E8CAFCE2AC3D7E800481DAA /* XCRemoteSwiftPackageReference "firebase-ios-sdk" */;
			productName = "FirebaseInAppMessagingSwift-Beta";
		};
		9E8CAFE72AC3D7E800481DAA /* FirebaseMessaging */ = {
			isa = XCSwiftPackageProductDependency;
			package = 9E8CAFCE2AC3D7E800481DAA /* XCRemoteSwiftPackageReference "firebase-ios-sdk" */;
			productName = FirebaseMessaging;
		};
		9E8CAFE92AC3D7E800481DAA /* FirebaseRemoteConfig */ = {
			isa = XCSwiftPackageProductDependency;
			package = 9E8CAFCE2AC3D7E800481DAA /* XCRemoteSwiftPackageReference "firebase-ios-sdk" */;
			productName = FirebaseRemoteConfig;
		};
		9E8CAFEB2AC3D7E800481DAA /* FirebaseRemoteConfigSwift */ = {
			isa = XCSwiftPackageProductDependency;
			package = 9E8CAFCE2AC3D7E800481DAA /* XCRemoteSwiftPackageReference "firebase-ios-sdk" */;
			productName = FirebaseRemoteConfigSwift;
		};
		9E8CAFED2AC3D7E800481DAA /* FirebaseStorage */ = {
			isa = XCSwiftPackageProductDependency;
			package = 9E8CAFCE2AC3D7E800481DAA /* XCRemoteSwiftPackageReference "firebase-ios-sdk" */;
			productName = FirebaseStorage;
		};
		9E8CAFEF2AC3D7E800481DAA /* FirebaseStorageCombine-Community */ = {
			isa = XCSwiftPackageProductDependency;
			package = 9E8CAFCE2AC3D7E800481DAA /* XCRemoteSwiftPackageReference "firebase-ios-sdk" */;
			productName = "FirebaseStorageCombine-Community";
		};
		9EC8E9F02AE073D80031F01C /* Lottie */ = {
			isa = XCSwiftPackageProductDependency;
			package = 9EC8E9EF2AE073D70031F01C /* XCRemoteSwiftPackageReference "lottie-spm" */;
			productName = Lottie;
		};
/* End XCSwiftPackageProductDependency section */

/* Begin XCVersionGroup section */
		9E2AE4432AA81F7E00E66B9A /* PostMii.xcdatamodeld */ = {
			isa = XCVersionGroup;
			children = (
				9E2AE4442AA81F7E00E66B9A /* PostMii.xcdatamodel */,
			);
			currentVersion = 9E2AE4442AA81F7E00E66B9A /* PostMii.xcdatamodel */;
			path = PostMii.xcdatamodeld;
			sourceTree = "<group>";
			versionGroupType = wrapper.xcdatamodel;
		};
/* End XCVersionGroup section */
	};
	rootObject = 9E2AE42F2AA81F7D00E66B9A /* Project object */;
}
